// !$*UTF8*$!
{
	archiveVersion = 1;
	classes = {
	};
	objectVersion = 46;
	objects = {

/* Begin PBXBuildFile section */
		6407BF341E54037D0073C297 /* SystemConfiguration.framework in Frameworks */ = {isa = PBXBuildFile; fileRef = 6407BF331E54037D0073C297 /* SystemConfiguration.framework */; };
		6407BF361E5403920073C297 /* libz.tbd in Frameworks */ = {isa = PBXBuildFile; fileRef = 6407BF351E5403920073C297 /* libz.tbd */; };
		6407BF381E54039C0073C297 /* libsqlite3.0.tbd in Frameworks */ = {isa = PBXBuildFile; fileRef = 6407BF371E54039C0073C297 /* libsqlite3.0.tbd */; };
		6407BF3A1E5403A40073C297 /* libc++.tbd in Frameworks */ = {isa = PBXBuildFile; fileRef = 6407BF391E5403A40073C297 /* libc++.tbd */; };
		6407BF3C1E5403AE0073C297 /* Security.framework in Frameworks */ = {isa = PBXBuildFile; fileRef = 6407BF3B1E5403AD0073C297 /* Security.framework */; };
		6407BF3E1E5403B60073C297 /* CoreTelephony.framework in Frameworks */ = {isa = PBXBuildFile; fileRef = 6407BF3D1E5403B60073C297 /* CoreTelephony.framework */; };
		6407BF401E5403BD0073C297 /* CFNetwork.framework in Frameworks */ = {isa = PBXBuildFile; fileRef = 6407BF3F1E5403BD0073C297 /* CFNetwork.framework */; };
		6407BF631E542DD00073C297 /* LICENSE in Resources */ = {isa = PBXBuildFile; fileRef = 6407BF431E542DD00073C297 /* LICENSE */; };
		6407BF641E542DD00073C297 /* README.md in Sources */ = {isa = PBXBuildFile; fileRef = 6407BF441E542DD00073C297 /* README.md */; };
		6407BF651E542DD00073C297 /* NSData+ImageContentType.m in Sources */ = {isa = PBXBuildFile; fileRef = 6407BF471E542DD00073C297 /* NSData+ImageContentType.m */; };
		6407BF661E542DD00073C297 /* SDImageCache.m in Sources */ = {isa = PBXBuildFile; fileRef = 6407BF491E542DD00073C297 /* SDImageCache.m */; };
		6407BF671E542DD00073C297 /* SDWebImageCompat.m in Sources */ = {isa = PBXBuildFile; fileRef = 6407BF4B1E542DD00073C297 /* SDWebImageCompat.m */; };
		6407BF681E542DD00073C297 /* SDWebImageDecoder.m in Sources */ = {isa = PBXBuildFile; fileRef = 6407BF4D1E542DD00073C297 /* SDWebImageDecoder.m */; };
		6407BF691E542DD00073C297 /* SDWebImageDownloader.m in Sources */ = {isa = PBXBuildFile; fileRef = 6407BF4F1E542DD00073C297 /* SDWebImageDownloader.m */; };
		6407BF6A1E542DD00073C297 /* SDWebImageDownloaderOperation.m in Sources */ = {isa = PBXBuildFile; fileRef = 6407BF511E542DD00073C297 /* SDWebImageDownloaderOperation.m */; };
		6407BF6B1E542DD00073C297 /* SDWebImageManager.m in Sources */ = {isa = PBXBuildFile; fileRef = 6407BF531E542DD00073C297 /* SDWebImageManager.m */; };
		6407BF6C1E542DD00073C297 /* SDWebImagePrefetcher.m in Sources */ = {isa = PBXBuildFile; fileRef = 6407BF561E542DD00073C297 /* SDWebImagePrefetcher.m */; };
		6407BF6D1E542DD00073C297 /* UIButton+WebCache.m in Sources */ = {isa = PBXBuildFile; fileRef = 6407BF581E542DD00073C297 /* UIButton+WebCache.m */; };
		6407BF6E1E542DD00073C297 /* UIImage+GIF.m in Sources */ = {isa = PBXBuildFile; fileRef = 6407BF5A1E542DD00073C297 /* UIImage+GIF.m */; };
		6407BF6F1E542DD00073C297 /* UIImage+MultiFormat.m in Sources */ = {isa = PBXBuildFile; fileRef = 6407BF5C1E542DD00073C297 /* UIImage+MultiFormat.m */; };
		6407BF701E542DD00073C297 /* UIImageView+HighlightedWebCache.m in Sources */ = {isa = PBXBuildFile; fileRef = 6407BF5E1E542DD00073C297 /* UIImageView+HighlightedWebCache.m */; };
		6407BF711E542DD00073C297 /* UIImageView+WebCache.m in Sources */ = {isa = PBXBuildFile; fileRef = 6407BF601E542DD00073C297 /* UIImageView+WebCache.m */; };
		6407BF721E542DD00073C297 /* UIView+WebCacheOperation.m in Sources */ = {isa = PBXBuildFile; fileRef = 6407BF621E542DD00073C297 /* UIView+WebCacheOperation.m */; };
		6407BF9D1E542DDF0073C297 /* AFHTTPRequestOperation.m in Sources */ = {isa = PBXBuildFile; fileRef = 6407BF761E542DDF0073C297 /* AFHTTPRequestOperation.m */; };
		6407BF9E1E542DDF0073C297 /* AFHTTPRequestOperationManager.m in Sources */ = {isa = PBXBuildFile; fileRef = 6407BF781E542DDF0073C297 /* AFHTTPRequestOperationManager.m */; };
		6407BF9F1E542DDF0073C297 /* AFHTTPSessionManager.m in Sources */ = {isa = PBXBuildFile; fileRef = 6407BF7A1E542DDF0073C297 /* AFHTTPSessionManager.m */; };
		6407BFA01E542DDF0073C297 /* AFNetworkReachabilityManager.m in Sources */ = {isa = PBXBuildFile; fileRef = 6407BF7D1E542DDF0073C297 /* AFNetworkReachabilityManager.m */; };
		6407BFA11E542DDF0073C297 /* AFSecurityPolicy.m in Sources */ = {isa = PBXBuildFile; fileRef = 6407BF7F1E542DDF0073C297 /* AFSecurityPolicy.m */; };
		6407BFA21E542DDF0073C297 /* AFURLConnectionOperation.m in Sources */ = {isa = PBXBuildFile; fileRef = 6407BF811E542DDF0073C297 /* AFURLConnectionOperation.m */; };
		6407BFA31E542DDF0073C297 /* AFURLRequestSerialization.m in Sources */ = {isa = PBXBuildFile; fileRef = 6407BF831E542DDF0073C297 /* AFURLRequestSerialization.m */; };
		6407BFA41E542DDF0073C297 /* AFURLResponseSerialization.m in Sources */ = {isa = PBXBuildFile; fileRef = 6407BF851E542DDF0073C297 /* AFURLResponseSerialization.m */; };
		6407BFA51E542DDF0073C297 /* AFURLSessionManager.m in Sources */ = {isa = PBXBuildFile; fileRef = 6407BF871E542DDF0073C297 /* AFURLSessionManager.m */; };
		6407BFA61E542DDF0073C297 /* LICENSE in Resources */ = {isa = PBXBuildFile; fileRef = 6407BF881E542DDF0073C297 /* LICENSE */; };
		6407BFA71E542DDF0073C297 /* README.md in Sources */ = {isa = PBXBuildFile; fileRef = 6407BF891E542DDF0073C297 /* README.md */; };
		6407BFA81E542DDF0073C297 /* AFNetworkActivityIndicatorManager.m in Sources */ = {isa = PBXBuildFile; fileRef = 6407BF8C1E542DDF0073C297 /* AFNetworkActivityIndicatorManager.m */; };
		6407BFA91E542DDF0073C297 /* UIActivityIndicatorView+AFNetworking.m in Sources */ = {isa = PBXBuildFile; fileRef = 6407BF8E1E542DDF0073C297 /* UIActivityIndicatorView+AFNetworking.m */; };
		6407BFAA1E542DDF0073C297 /* UIAlertView+AFNetworking.m in Sources */ = {isa = PBXBuildFile; fileRef = 6407BF901E542DDF0073C297 /* UIAlertView+AFNetworking.m */; };
		6407BFAB1E542DDF0073C297 /* UIButton+AFNetworking.m in Sources */ = {isa = PBXBuildFile; fileRef = 6407BF921E542DDF0073C297 /* UIButton+AFNetworking.m */; };
		6407BFAC1E542DDF0073C297 /* UIImageView+AFNetworking.m in Sources */ = {isa = PBXBuildFile; fileRef = 6407BF951E542DDF0073C297 /* UIImageView+AFNetworking.m */; };
		6407BFAD1E542DDF0073C297 /* UIProgressView+AFNetworking.m in Sources */ = {isa = PBXBuildFile; fileRef = 6407BF981E542DDF0073C297 /* UIProgressView+AFNetworking.m */; };
		6407BFAE1E542DDF0073C297 /* UIRefreshControl+AFNetworking.m in Sources */ = {isa = PBXBuildFile; fileRef = 6407BF9A1E542DDF0073C297 /* UIRefreshControl+AFNetworking.m */; };
		6407BFAF1E542DDF0073C297 /* UIWebView+AFNetworking.m in Sources */ = {isa = PBXBuildFile; fileRef = 6407BF9C1E542DDF0073C297 /* UIWebView+AFNetworking.m */; };
		6407BFB21E5435700073C297 /* AFNetworkManager.m in Sources */ = {isa = PBXBuildFile; fileRef = 6407BFB11E5435700073C297 /* AFNetworkManager.m */; };
		6407BFB61E5447D40073C297 /* LaunchIntroductionView.m in Sources */ = {isa = PBXBuildFile; fileRef = 6407BFB51E5447D40073C297 /* LaunchIntroductionView.m */; };
		64AE940B1E9B620E00E08B78 /* QuartzCore.framework in Frameworks */ = {isa = PBXBuildFile; fileRef = 64AE940A1E9B620E00E08B78 /* QuartzCore.framework */; };
		64AE940D1E9B627A00E08B78 /* CoreText.framework in Frameworks */ = {isa = PBXBuildFile; fileRef = 64AE940C1E9B627A00E08B78 /* CoreText.framework */; };
		64AE940F1E9B62C100E08B78 /* CoreMotion.framework in Frameworks */ = {isa = PBXBuildFile; fileRef = 64AE940E1E9B62C100E08B78 /* CoreMotion.framework */; };
		64EFE3821E4D5EC8006A1455 /* AppDelegate.swift in Sources */ = {isa = PBXBuildFile; fileRef = 64EFE3811E4D5EC8006A1455 /* AppDelegate.swift */; };
		64EFE3841E4D5EC8006A1455 /* ViewController.swift in Sources */ = {isa = PBXBuildFile; fileRef = 64EFE3831E4D5EC8006A1455 /* ViewController.swift */; };
		64EFE3871E4D5EC8006A1455 /* Main.storyboard in Resources */ = {isa = PBXBuildFile; fileRef = 64EFE3851E4D5EC8006A1455 /* Main.storyboard */; };
		64EFE3891E4D5EC8006A1455 /* Assets.xcassets in Resources */ = {isa = PBXBuildFile; fileRef = 64EFE3881E4D5EC8006A1455 /* Assets.xcassets */; };
		64EFE38C1E4D5EC8006A1455 /* LaunchScreen.storyboard in Resources */ = {isa = PBXBuildFile; fileRef = 64EFE38A1E4D5EC8006A1455 /* LaunchScreen.storyboard */; };
		64EFE3971E4D5EC8006A1455 /* summerTests.swift in Sources */ = {isa = PBXBuildFile; fileRef = 64EFE3961E4D5EC8006A1455 /* summerTests.swift */; };
		64EFE3A21E4D5EC8006A1455 /* summerUITests.swift in Sources */ = {isa = PBXBuildFile; fileRef = 64EFE3A11E4D5EC8006A1455 /* summerUITests.swift */; };
		64EFE3B51E4D5FA3006A1455 /* BaseViewController.swift in Sources */ = {isa = PBXBuildFile; fileRef = 64EFE3B41E4D5FA3006A1455 /* BaseViewController.swift */; };
		64EFE3B91E4D6B09006A1455 /* BaseNavViewController.swift in Sources */ = {isa = PBXBuildFile; fileRef = 64EFE3B81E4D6B09006A1455 /* BaseNavViewController.swift */; };
		64EFE3C31E4D9CA3006A1455 /* GlobalFile.swift in Sources */ = {isa = PBXBuildFile; fileRef = 64EFE3C21E4D9CA3006A1455 /* GlobalFile.swift */; };
		64EFE3C51E4D9CC6006A1455 /* UserDefaultsUtils.swift in Sources */ = {isa = PBXBuildFile; fileRef = 64EFE3C41E4D9CC6006A1455 /* UserDefaultsUtils.swift */; };
		64EFE3C91E4DB8CD006A1455 /* MyConfig.swift in Sources */ = {isa = PBXBuildFile; fileRef = 64EFE3C81E4DB8CD006A1455 /* MyConfig.swift */; };
		64EFE3CB1E4DBD5C006A1455 /* Images.xcassets in Resources */ = {isa = PBXBuildFile; fileRef = 64EFE3CA1E4DBD5C006A1455 /* Images.xcassets */; };
		64EFE3CD1E4DC65F006A1455 /* DisplayUtils.swift in Sources */ = {isa = PBXBuildFile; fileRef = 64EFE3CC1E4DC65F006A1455 /* DisplayUtils.swift */; };
		64F196BE1E515B67005B80F8 /* CustemNavItem.swift in Sources */ = {isa = PBXBuildFile; fileRef = 64F196BD1E515B67005B80F8 /* CustemNavItem.swift */; };
		64F2B88C1E53F4F800E287AA /* libWeChatSDK.a in Frameworks */ = {isa = PBXBuildFile; fileRef = 64F2B8891E53F4F800E287AA /* libWeChatSDK.a */; };
		64F3A4CA1E5D2D290083E73D /* SwiftPopMenu.swift in Sources */ = {isa = PBXBuildFile; fileRef = 64F3A4C91E5D2D290083E73D /* SwiftPopMenu.swift */; };
		64F4135E1E55528400FDAAC6 /* MJRefreshAutoFooter.m in Sources */ = {isa = PBXBuildFile; fileRef = 64F413321E55528400FDAAC6 /* MJRefreshAutoFooter.m */; };
		64F4135F1E55528400FDAAC6 /* MJRefreshBackFooter.m in Sources */ = {isa = PBXBuildFile; fileRef = 64F413341E55528400FDAAC6 /* MJRefreshBackFooter.m */; };
		64F413601E55528400FDAAC6 /* MJRefreshComponent.m in Sources */ = {isa = PBXBuildFile; fileRef = 64F413361E55528400FDAAC6 /* MJRefreshComponent.m */; };
		64F413611E55528400FDAAC6 /* MJRefreshFooter.m in Sources */ = {isa = PBXBuildFile; fileRef = 64F413381E55528400FDAAC6 /* MJRefreshFooter.m */; };
		64F413621E55528400FDAAC6 /* MJRefreshHeader.m in Sources */ = {isa = PBXBuildFile; fileRef = 64F4133A1E55528400FDAAC6 /* MJRefreshHeader.m */; };
		64F413631E55528400FDAAC6 /* MJRefreshAutoGifFooter.m in Sources */ = {isa = PBXBuildFile; fileRef = 64F4133F1E55528400FDAAC6 /* MJRefreshAutoGifFooter.m */; };
		64F413641E55528400FDAAC6 /* MJRefreshAutoNormalFooter.m in Sources */ = {isa = PBXBuildFile; fileRef = 64F413411E55528400FDAAC6 /* MJRefreshAutoNormalFooter.m */; };
		64F413651E55528400FDAAC6 /* MJRefreshAutoStateFooter.m in Sources */ = {isa = PBXBuildFile; fileRef = 64F413431E55528400FDAAC6 /* MJRefreshAutoStateFooter.m */; };
		64F413661E55528400FDAAC6 /* MJRefreshBackGifFooter.m in Sources */ = {isa = PBXBuildFile; fileRef = 64F413461E55528400FDAAC6 /* MJRefreshBackGifFooter.m */; };
		64F413671E55528400FDAAC6 /* MJRefreshBackNormalFooter.m in Sources */ = {isa = PBXBuildFile; fileRef = 64F413481E55528400FDAAC6 /* MJRefreshBackNormalFooter.m */; };
		64F413681E55528400FDAAC6 /* MJRefreshBackStateFooter.m in Sources */ = {isa = PBXBuildFile; fileRef = 64F4134A1E55528400FDAAC6 /* MJRefreshBackStateFooter.m */; };
		64F413691E55528400FDAAC6 /* MJRefreshGifHeader.m in Sources */ = {isa = PBXBuildFile; fileRef = 64F4134D1E55528400FDAAC6 /* MJRefreshGifHeader.m */; };
		64F4136A1E55528400FDAAC6 /* MJRefreshNormalHeader.m in Sources */ = {isa = PBXBuildFile; fileRef = 64F4134F1E55528400FDAAC6 /* MJRefreshNormalHeader.m */; };
		64F4136B1E55528400FDAAC6 /* MJRefreshStateHeader.m in Sources */ = {isa = PBXBuildFile; fileRef = 64F413511E55528400FDAAC6 /* MJRefreshStateHeader.m */; };
		64F4136C1E55528400FDAAC6 /* MJRefresh.bundle in Resources */ = {isa = PBXBuildFile; fileRef = 64F413521E55528400FDAAC6 /* MJRefresh.bundle */; };
		64F4136D1E55528400FDAAC6 /* MJRefreshConst.m in Sources */ = {isa = PBXBuildFile; fileRef = 64F413551E55528400FDAAC6 /* MJRefreshConst.m */; };
		64F4136E1E55528400FDAAC6 /* NSBundle+MJRefresh.m in Sources */ = {isa = PBXBuildFile; fileRef = 64F413571E55528400FDAAC6 /* NSBundle+MJRefresh.m */; };
		64F4136F1E55528400FDAAC6 /* UIScrollView+MJExtension.m in Sources */ = {isa = PBXBuildFile; fileRef = 64F413591E55528400FDAAC6 /* UIScrollView+MJExtension.m */; };
		64F413701E55528400FDAAC6 /* UIScrollView+MJRefresh.m in Sources */ = {isa = PBXBuildFile; fileRef = 64F4135B1E55528400FDAAC6 /* UIScrollView+MJRefresh.m */; };
		64F413711E55528400FDAAC6 /* UIView+MJExtension.m in Sources */ = {isa = PBXBuildFile; fileRef = 64F4135D1E55528400FDAAC6 /* UIView+MJExtension.m */; };
		64F44AAD1E569A92009D1135 /* jcore-ios-1.1.1.a in Frameworks */ = {isa = PBXBuildFile; fileRef = 64F44AAA1E569A92009D1135 /* jcore-ios-1.1.1.a */; };
		64F44AAE1E569A92009D1135 /* jpush-ios-3.0.2.a in Frameworks */ = {isa = PBXBuildFile; fileRef = 64F44AAB1E569A92009D1135 /* jpush-ios-3.0.2.a */; };
		64F44AB01E569AC8009D1135 /* CoreFoundation.framework in Frameworks */ = {isa = PBXBuildFile; fileRef = 64F44AAF1E569AC8009D1135 /* CoreFoundation.framework */; };
		64F44AB21E569AE4009D1135 /* CoreGraphics.framework in Frameworks */ = {isa = PBXBuildFile; fileRef = 64F44AB11E569AE4009D1135 /* CoreGraphics.framework */; };
		64F44AB41E569AEF009D1135 /* Foundation.framework in Frameworks */ = {isa = PBXBuildFile; fileRef = 64F44AB31E569AEF009D1135 /* Foundation.framework */; };
		64F44AB61E569AF9009D1135 /* UIKit.framework in Frameworks */ = {isa = PBXBuildFile; fileRef = 64F44AB51E569AF9009D1135 /* UIKit.framework */; };
		64F44AB81E569B14009D1135 /* AdSupport.framework in Frameworks */ = {isa = PBXBuildFile; fileRef = 64F44AB71E569B14009D1135 /* AdSupport.framework */; };
		64F44ABA1E569B24009D1135 /* UserNotifications.framework in Frameworks */ = {isa = PBXBuildFile; fileRef = 64F44AB91E569B24009D1135 /* UserNotifications.framework */; };
		64F44ABC1E569B3A009D1135 /* libresolv.tbd in Frameworks */ = {isa = PBXBuildFile; fileRef = 64F44ABB1E569B3A009D1135 /* libresolv.tbd */; };
		792975562045069600CF48FA /* Bugly.framework in Frameworks */ = {isa = PBXBuildFile; fileRef = 792975552045069600CF48FA /* Bugly.framework */; };
		794038B21FFB34E80036A8BB /* AdOnlineTool.swift in Sources */ = {isa = PBXBuildFile; fileRef = 794038B11FFB34E80036A8BB /* AdOnlineTool.swift */; };
		79797BE32016B7B0003D9572 /* HAFieldClockController.swift in Sources */ = {isa = PBXBuildFile; fileRef = 79797BDF2016B7AF003D9572 /* HAFieldClockController.swift */; };
		79797BE52016B7B0003D9572 /* custonAnnotation.swift in Sources */ = {isa = PBXBuildFile; fileRef = 79797BE12016B7B0003D9572 /* custonAnnotation.swift */; };
		79797C3F2022F559003D9572 /* LICENSE in Resources */ = {isa = PBXBuildFile; fileRef = 79797C392022F559003D9572 /* LICENSE */; };
		79797C402022F559003D9572 /* MBProgressHUD+Add.m in Sources */ = {isa = PBXBuildFile; fileRef = 79797C3B2022F559003D9572 /* MBProgressHUD+Add.m */; };
		79797C412022F559003D9572 /* MBProgressHUD.m in Sources */ = {isa = PBXBuildFile; fileRef = 79797C3D2022F559003D9572 /* MBProgressHUD.m */; };
		79797C422022F559003D9572 /* README.mdown in Resources */ = {isa = PBXBuildFile; fileRef = 79797C3E2022F559003D9572 /* README.mdown */; };
		9AF3BAAF1E9CB2EA00C3C643 /* AlipaySDK.framework in Frameworks */ = {isa = PBXBuildFile; fileRef = 9AF3BAAD1E9CB2EA00C3C643 /* AlipaySDK.framework */; };
		9AF3BAB01E9CB2EA00C3C643 /* AlipaySDK.bundle in Resources */ = {isa = PBXBuildFile; fileRef = 9AF3BAAE1E9CB2EA00C3C643 /* AlipaySDK.bundle */; };
		C7B089CB1E5C502A00BE0D43 /* PDKeyChain.m in Sources */ = {isa = PBXBuildFile; fileRef = C7B089CA1E5C502A00BE0D43 /* PDKeyChain.m */; };
		DC0B06181FFDD8F8004A3A49 /* AdViewController.swift in Sources */ = {isa = PBXBuildFile; fileRef = DC0B06141FFDD8F8004A3A49 /* AdViewController.swift */; };
		DC0B06191FFDD8F8004A3A49 /* MainViewController.swift in Sources */ = {isa = PBXBuildFile; fileRef = DC0B06151FFDD8F8004A3A49 /* MainViewController.swift */; };
		DC0B061A1FFDD8F8004A3A49 /* SettingViewController.swift in Sources */ = {isa = PBXBuildFile; fileRef = DC0B06161FFDD8F8004A3A49 /* SettingViewController.swift */; };
		DC0B061B1FFDD8F8004A3A49 /* PingImageViewController.swift in Sources */ = {isa = PBXBuildFile; fileRef = DC0B06171FFDD8F8004A3A49 /* PingImageViewController.swift */; };
		DC3D8DCF20438E3A001E7FE0 /* LoginViewController.swift in Sources */ = {isa = PBXBuildFile; fileRef = DC3D8DCE20438E3A001E7FE0 /* LoginViewController.swift */; };
		DCAD2846202161E2009AA8E0 /* STScanViewController.swift in Sources */ = {isa = PBXBuildFile; fileRef = DCAD2844202161E2009AA8E0 /* STScanViewController.swift */; };
		DCAD2847202161E2009AA8E0 /* STScanView.swift in Sources */ = {isa = PBXBuildFile; fileRef = DCAD2845202161E2009AA8E0 /* STScanView.swift */; };
		DCCC0B7E20440F0E00B89CFC /* STKeyChain.m in Sources */ = {isa = PBXBuildFile; fileRef = DCCC0B7D20440F0E00B89CFC /* STKeyChain.m */; };
		DCCC0B802044DD3900B89CFC /* LoginAccount.plist in Resources */ = {isa = PBXBuildFile; fileRef = DCCC0B7F2044DD3900B89CFC /* LoginAccount.plist */; };
		DCCC0B842044FAD800B89CFC /* LMJDropdownMenu.m in Sources */ = {isa = PBXBuildFile; fileRef = DCCC0B822044FAD700B89CFC /* LMJDropdownMenu.m */; };
		DCF62FD92043DAC8002C245F /* YBPickerTool.m in Sources */ = {isa = PBXBuildFile; fileRef = DCF62FD82043DAC7002C245F /* YBPickerTool.m */; };
/* End PBXBuildFile section */

/* Begin PBXContainerItemProxy section */
		64EFE3931E4D5EC8006A1455 /* PBXContainerItemProxy */ = {
			isa = PBXContainerItemProxy;
			containerPortal = 64EFE3761E4D5EC8006A1455 /* Project object */;
			proxyType = 1;
			remoteGlobalIDString = 64EFE37D1E4D5EC8006A1455;
			remoteInfo = summer;
		};
		64EFE39E1E4D5EC8006A1455 /* PBXContainerItemProxy */ = {
			isa = PBXContainerItemProxy;
			containerPortal = 64EFE3761E4D5EC8006A1455 /* Project object */;
			proxyType = 1;
			remoteGlobalIDString = 64EFE37D1E4D5EC8006A1455;
			remoteInfo = summer;
		};
/* End PBXContainerItemProxy section */

/* Begin PBXFileReference section */
		6407BF331E54037D0073C297 /* SystemConfiguration.framework */ = {isa = PBXFileReference; lastKnownFileType = wrapper.framework; name = SystemConfiguration.framework; path = System/Library/Frameworks/SystemConfiguration.framework; sourceTree = SDKROOT; };
		6407BF351E5403920073C297 /* libz.tbd */ = {isa = PBXFileReference; lastKnownFileType = "sourcecode.text-based-dylib-definition"; name = libz.tbd; path = usr/lib/libz.tbd; sourceTree = SDKROOT; };
		6407BF371E54039C0073C297 /* libsqlite3.0.tbd */ = {isa = PBXFileReference; lastKnownFileType = "sourcecode.text-based-dylib-definition"; name = libsqlite3.0.tbd; path = usr/lib/libsqlite3.0.tbd; sourceTree = SDKROOT; };
		6407BF391E5403A40073C297 /* libc++.tbd */ = {isa = PBXFileReference; lastKnownFileType = "sourcecode.text-based-dylib-definition"; name = "libc++.tbd"; path = "usr/lib/libc++.tbd"; sourceTree = SDKROOT; };
		6407BF3B1E5403AD0073C297 /* Security.framework */ = {isa = PBXFileReference; lastKnownFileType = wrapper.framework; name = Security.framework; path = System/Library/Frameworks/Security.framework; sourceTree = SDKROOT; };
		6407BF3D1E5403B60073C297 /* CoreTelephony.framework */ = {isa = PBXFileReference; lastKnownFileType = wrapper.framework; name = CoreTelephony.framework; path = System/Library/Frameworks/CoreTelephony.framework; sourceTree = SDKROOT; };
		6407BF3F1E5403BD0073C297 /* CFNetwork.framework */ = {isa = PBXFileReference; lastKnownFileType = wrapper.framework; name = CFNetwork.framework; path = System/Library/Frameworks/CFNetwork.framework; sourceTree = SDKROOT; };
		6407BF431E542DD00073C297 /* LICENSE */ = {isa = PBXFileReference; fileEncoding = 4; lastKnownFileType = text; path = LICENSE; sourceTree = "<group>"; };
		6407BF441E542DD00073C297 /* README.md */ = {isa = PBXFileReference; fileEncoding = 4; lastKnownFileType = net.daringfireball.markdown; path = README.md; sourceTree = "<group>"; };
		6407BF461E542DD00073C297 /* NSData+ImageContentType.h */ = {isa = PBXFileReference; fileEncoding = 4; lastKnownFileType = sourcecode.c.h; path = "NSData+ImageContentType.h"; sourceTree = "<group>"; };
		6407BF471E542DD00073C297 /* NSData+ImageContentType.m */ = {isa = PBXFileReference; fileEncoding = 4; lastKnownFileType = sourcecode.c.objc; path = "NSData+ImageContentType.m"; sourceTree = "<group>"; };
		6407BF481E542DD00073C297 /* SDImageCache.h */ = {isa = PBXFileReference; fileEncoding = 4; lastKnownFileType = sourcecode.c.h; path = SDImageCache.h; sourceTree = "<group>"; };
		6407BF491E542DD00073C297 /* SDImageCache.m */ = {isa = PBXFileReference; fileEncoding = 4; lastKnownFileType = sourcecode.c.objc; path = SDImageCache.m; sourceTree = "<group>"; };
		6407BF4A1E542DD00073C297 /* SDWebImageCompat.h */ = {isa = PBXFileReference; fileEncoding = 4; lastKnownFileType = sourcecode.c.h; path = SDWebImageCompat.h; sourceTree = "<group>"; };
		6407BF4B1E542DD00073C297 /* SDWebImageCompat.m */ = {isa = PBXFileReference; fileEncoding = 4; lastKnownFileType = sourcecode.c.objc; path = SDWebImageCompat.m; sourceTree = "<group>"; };
		6407BF4C1E542DD00073C297 /* SDWebImageDecoder.h */ = {isa = PBXFileReference; fileEncoding = 4; lastKnownFileType = sourcecode.c.h; path = SDWebImageDecoder.h; sourceTree = "<group>"; };
		6407BF4D1E542DD00073C297 /* SDWebImageDecoder.m */ = {isa = PBXFileReference; fileEncoding = 4; lastKnownFileType = sourcecode.c.objc; path = SDWebImageDecoder.m; sourceTree = "<group>"; };
		6407BF4E1E542DD00073C297 /* SDWebImageDownloader.h */ = {isa = PBXFileReference; fileEncoding = 4; lastKnownFileType = sourcecode.c.h; path = SDWebImageDownloader.h; sourceTree = "<group>"; };
		6407BF4F1E542DD00073C297 /* SDWebImageDownloader.m */ = {isa = PBXFileReference; fileEncoding = 4; lastKnownFileType = sourcecode.c.objc; path = SDWebImageDownloader.m; sourceTree = "<group>"; };
		6407BF501E542DD00073C297 /* SDWebImageDownloaderOperation.h */ = {isa = PBXFileReference; fileEncoding = 4; lastKnownFileType = sourcecode.c.h; path = SDWebImageDownloaderOperation.h; sourceTree = "<group>"; };
		6407BF511E542DD00073C297 /* SDWebImageDownloaderOperation.m */ = {isa = PBXFileReference; fileEncoding = 4; lastKnownFileType = sourcecode.c.objc; path = SDWebImageDownloaderOperation.m; sourceTree = "<group>"; };
		6407BF521E542DD00073C297 /* SDWebImageManager.h */ = {isa = PBXFileReference; fileEncoding = 4; lastKnownFileType = sourcecode.c.h; path = SDWebImageManager.h; sourceTree = "<group>"; };
		6407BF531E542DD00073C297 /* SDWebImageManager.m */ = {isa = PBXFileReference; fileEncoding = 4; lastKnownFileType = sourcecode.c.objc; path = SDWebImageManager.m; sourceTree = "<group>"; };
		6407BF541E542DD00073C297 /* SDWebImageOperation.h */ = {isa = PBXFileReference; fileEncoding = 4; lastKnownFileType = sourcecode.c.h; path = SDWebImageOperation.h; sourceTree = "<group>"; };
		6407BF551E542DD00073C297 /* SDWebImagePrefetcher.h */ = {isa = PBXFileReference; fileEncoding = 4; lastKnownFileType = sourcecode.c.h; path = SDWebImagePrefetcher.h; sourceTree = "<group>"; };
		6407BF561E542DD00073C297 /* SDWebImagePrefetcher.m */ = {isa = PBXFileReference; fileEncoding = 4; lastKnownFileType = sourcecode.c.objc; path = SDWebImagePrefetcher.m; sourceTree = "<group>"; };
		6407BF571E542DD00073C297 /* UIButton+WebCache.h */ = {isa = PBXFileReference; fileEncoding = 4; lastKnownFileType = sourcecode.c.h; path = "UIButton+WebCache.h"; sourceTree = "<group>"; };
		6407BF581E542DD00073C297 /* UIButton+WebCache.m */ = {isa = PBXFileReference; fileEncoding = 4; lastKnownFileType = sourcecode.c.objc; path = "UIButton+WebCache.m"; sourceTree = "<group>"; };
		6407BF591E542DD00073C297 /* UIImage+GIF.h */ = {isa = PBXFileReference; fileEncoding = 4; lastKnownFileType = sourcecode.c.h; path = "UIImage+GIF.h"; sourceTree = "<group>"; };
		6407BF5A1E542DD00073C297 /* UIImage+GIF.m */ = {isa = PBXFileReference; fileEncoding = 4; lastKnownFileType = sourcecode.c.objc; path = "UIImage+GIF.m"; sourceTree = "<group>"; };
		6407BF5B1E542DD00073C297 /* UIImage+MultiFormat.h */ = {isa = PBXFileReference; fileEncoding = 4; lastKnownFileType = sourcecode.c.h; path = "UIImage+MultiFormat.h"; sourceTree = "<group>"; };
		6407BF5C1E542DD00073C297 /* UIImage+MultiFormat.m */ = {isa = PBXFileReference; fileEncoding = 4; lastKnownFileType = sourcecode.c.objc; path = "UIImage+MultiFormat.m"; sourceTree = "<group>"; };
		6407BF5D1E542DD00073C297 /* UIImageView+HighlightedWebCache.h */ = {isa = PBXFileReference; fileEncoding = 4; lastKnownFileType = sourcecode.c.h; path = "UIImageView+HighlightedWebCache.h"; sourceTree = "<group>"; };
		6407BF5E1E542DD00073C297 /* UIImageView+HighlightedWebCache.m */ = {isa = PBXFileReference; fileEncoding = 4; lastKnownFileType = sourcecode.c.objc; path = "UIImageView+HighlightedWebCache.m"; sourceTree = "<group>"; };
		6407BF5F1E542DD00073C297 /* UIImageView+WebCache.h */ = {isa = PBXFileReference; fileEncoding = 4; lastKnownFileType = sourcecode.c.h; path = "UIImageView+WebCache.h"; sourceTree = "<group>"; };
		6407BF601E542DD00073C297 /* UIImageView+WebCache.m */ = {isa = PBXFileReference; fileEncoding = 4; lastKnownFileType = sourcecode.c.objc; path = "UIImageView+WebCache.m"; sourceTree = "<group>"; };
		6407BF611E542DD00073C297 /* UIView+WebCacheOperation.h */ = {isa = PBXFileReference; fileEncoding = 4; lastKnownFileType = sourcecode.c.h; path = "UIView+WebCacheOperation.h"; sourceTree = "<group>"; };
		6407BF621E542DD00073C297 /* UIView+WebCacheOperation.m */ = {isa = PBXFileReference; fileEncoding = 4; lastKnownFileType = sourcecode.c.objc; path = "UIView+WebCacheOperation.m"; sourceTree = "<group>"; };
		6407BF751E542DDF0073C297 /* AFHTTPRequestOperation.h */ = {isa = PBXFileReference; fileEncoding = 4; lastKnownFileType = sourcecode.c.h; path = AFHTTPRequestOperation.h; sourceTree = "<group>"; };
		6407BF761E542DDF0073C297 /* AFHTTPRequestOperation.m */ = {isa = PBXFileReference; fileEncoding = 4; lastKnownFileType = sourcecode.c.objc; path = AFHTTPRequestOperation.m; sourceTree = "<group>"; };
		6407BF771E542DDF0073C297 /* AFHTTPRequestOperationManager.h */ = {isa = PBXFileReference; fileEncoding = 4; lastKnownFileType = sourcecode.c.h; path = AFHTTPRequestOperationManager.h; sourceTree = "<group>"; };
		6407BF781E542DDF0073C297 /* AFHTTPRequestOperationManager.m */ = {isa = PBXFileReference; fileEncoding = 4; lastKnownFileType = sourcecode.c.objc; path = AFHTTPRequestOperationManager.m; sourceTree = "<group>"; };
		6407BF791E542DDF0073C297 /* AFHTTPSessionManager.h */ = {isa = PBXFileReference; fileEncoding = 4; lastKnownFileType = sourcecode.c.h; path = AFHTTPSessionManager.h; sourceTree = "<group>"; };
		6407BF7A1E542DDF0073C297 /* AFHTTPSessionManager.m */ = {isa = PBXFileReference; fileEncoding = 4; lastKnownFileType = sourcecode.c.objc; path = AFHTTPSessionManager.m; sourceTree = "<group>"; };
		6407BF7B1E542DDF0073C297 /* AFNetworking.h */ = {isa = PBXFileReference; fileEncoding = 4; lastKnownFileType = sourcecode.c.h; path = AFNetworking.h; sourceTree = "<group>"; };
		6407BF7C1E542DDF0073C297 /* AFNetworkReachabilityManager.h */ = {isa = PBXFileReference; fileEncoding = 4; lastKnownFileType = sourcecode.c.h; path = AFNetworkReachabilityManager.h; sourceTree = "<group>"; };
		6407BF7D1E542DDF0073C297 /* AFNetworkReachabilityManager.m */ = {isa = PBXFileReference; fileEncoding = 4; lastKnownFileType = sourcecode.c.objc; path = AFNetworkReachabilityManager.m; sourceTree = "<group>"; };
		6407BF7E1E542DDF0073C297 /* AFSecurityPolicy.h */ = {isa = PBXFileReference; fileEncoding = 4; lastKnownFileType = sourcecode.c.h; path = AFSecurityPolicy.h; sourceTree = "<group>"; };
		6407BF7F1E542DDF0073C297 /* AFSecurityPolicy.m */ = {isa = PBXFileReference; fileEncoding = 4; lastKnownFileType = sourcecode.c.objc; path = AFSecurityPolicy.m; sourceTree = "<group>"; };
		6407BF801E542DDF0073C297 /* AFURLConnectionOperation.h */ = {isa = PBXFileReference; fileEncoding = 4; lastKnownFileType = sourcecode.c.h; path = AFURLConnectionOperation.h; sourceTree = "<group>"; };
		6407BF811E542DDF0073C297 /* AFURLConnectionOperation.m */ = {isa = PBXFileReference; fileEncoding = 4; lastKnownFileType = sourcecode.c.objc; path = AFURLConnectionOperation.m; sourceTree = "<group>"; };
		6407BF821E542DDF0073C297 /* AFURLRequestSerialization.h */ = {isa = PBXFileReference; fileEncoding = 4; lastKnownFileType = sourcecode.c.h; path = AFURLRequestSerialization.h; sourceTree = "<group>"; };
		6407BF831E542DDF0073C297 /* AFURLRequestSerialization.m */ = {isa = PBXFileReference; fileEncoding = 4; lastKnownFileType = sourcecode.c.objc; path = AFURLRequestSerialization.m; sourceTree = "<group>"; };
		6407BF841E542DDF0073C297 /* AFURLResponseSerialization.h */ = {isa = PBXFileReference; fileEncoding = 4; lastKnownFileType = sourcecode.c.h; path = AFURLResponseSerialization.h; sourceTree = "<group>"; };
		6407BF851E542DDF0073C297 /* AFURLResponseSerialization.m */ = {isa = PBXFileReference; fileEncoding = 4; lastKnownFileType = sourcecode.c.objc; path = AFURLResponseSerialization.m; sourceTree = "<group>"; };
		6407BF861E542DDF0073C297 /* AFURLSessionManager.h */ = {isa = PBXFileReference; fileEncoding = 4; lastKnownFileType = sourcecode.c.h; path = AFURLSessionManager.h; sourceTree = "<group>"; };
		6407BF871E542DDF0073C297 /* AFURLSessionManager.m */ = {isa = PBXFileReference; fileEncoding = 4; lastKnownFileType = sourcecode.c.objc; path = AFURLSessionManager.m; sourceTree = "<group>"; };
		6407BF881E542DDF0073C297 /* LICENSE */ = {isa = PBXFileReference; fileEncoding = 4; lastKnownFileType = text; path = LICENSE; sourceTree = "<group>"; };
		6407BF891E542DDF0073C297 /* README.md */ = {isa = PBXFileReference; fileEncoding = 4; lastKnownFileType = net.daringfireball.markdown; path = README.md; sourceTree = "<group>"; };
		6407BF8B1E542DDF0073C297 /* AFNetworkActivityIndicatorManager.h */ = {isa = PBXFileReference; fileEncoding = 4; lastKnownFileType = sourcecode.c.h; path = AFNetworkActivityIndicatorManager.h; sourceTree = "<group>"; };
		6407BF8C1E542DDF0073C297 /* AFNetworkActivityIndicatorManager.m */ = {isa = PBXFileReference; fileEncoding = 4; lastKnownFileType = sourcecode.c.objc; path = AFNetworkActivityIndicatorManager.m; sourceTree = "<group>"; };
		6407BF8D1E542DDF0073C297 /* UIActivityIndicatorView+AFNetworking.h */ = {isa = PBXFileReference; fileEncoding = 4; lastKnownFileType = sourcecode.c.h; path = "UIActivityIndicatorView+AFNetworking.h"; sourceTree = "<group>"; };
		6407BF8E1E542DDF0073C297 /* UIActivityIndicatorView+AFNetworking.m */ = {isa = PBXFileReference; fileEncoding = 4; lastKnownFileType = sourcecode.c.objc; path = "UIActivityIndicatorView+AFNetworking.m"; sourceTree = "<group>"; };
		6407BF8F1E542DDF0073C297 /* UIAlertView+AFNetworking.h */ = {isa = PBXFileReference; fileEncoding = 4; lastKnownFileType = sourcecode.c.h; path = "UIAlertView+AFNetworking.h"; sourceTree = "<group>"; };
		6407BF901E542DDF0073C297 /* UIAlertView+AFNetworking.m */ = {isa = PBXFileReference; fileEncoding = 4; lastKnownFileType = sourcecode.c.objc; path = "UIAlertView+AFNetworking.m"; sourceTree = "<group>"; };
		6407BF911E542DDF0073C297 /* UIButton+AFNetworking.h */ = {isa = PBXFileReference; fileEncoding = 4; lastKnownFileType = sourcecode.c.h; path = "UIButton+AFNetworking.h"; sourceTree = "<group>"; };
		6407BF921E542DDF0073C297 /* UIButton+AFNetworking.m */ = {isa = PBXFileReference; fileEncoding = 4; lastKnownFileType = sourcecode.c.objc; path = "UIButton+AFNetworking.m"; sourceTree = "<group>"; };
		6407BF931E542DDF0073C297 /* UIImage+AFNetworking.h */ = {isa = PBXFileReference; fileEncoding = 4; lastKnownFileType = sourcecode.c.h; path = "UIImage+AFNetworking.h"; sourceTree = "<group>"; };
		6407BF941E542DDF0073C297 /* UIImageView+AFNetworking.h */ = {isa = PBXFileReference; fileEncoding = 4; lastKnownFileType = sourcecode.c.h; path = "UIImageView+AFNetworking.h"; sourceTree = "<group>"; };
		6407BF951E542DDF0073C297 /* UIImageView+AFNetworking.m */ = {isa = PBXFileReference; fileEncoding = 4; lastKnownFileType = sourcecode.c.objc; path = "UIImageView+AFNetworking.m"; sourceTree = "<group>"; };
		6407BF961E542DDF0073C297 /* UIKit+AFNetworking.h */ = {isa = PBXFileReference; fileEncoding = 4; lastKnownFileType = sourcecode.c.h; path = "UIKit+AFNetworking.h"; sourceTree = "<group>"; };
		6407BF971E542DDF0073C297 /* UIProgressView+AFNetworking.h */ = {isa = PBXFileReference; fileEncoding = 4; lastKnownFileType = sourcecode.c.h; path = "UIProgressView+AFNetworking.h"; sourceTree = "<group>"; };
		6407BF981E542DDF0073C297 /* UIProgressView+AFNetworking.m */ = {isa = PBXFileReference; fileEncoding = 4; lastKnownFileType = sourcecode.c.objc; path = "UIProgressView+AFNetworking.m"; sourceTree = "<group>"; };
		6407BF991E542DDF0073C297 /* UIRefreshControl+AFNetworking.h */ = {isa = PBXFileReference; fileEncoding = 4; lastKnownFileType = sourcecode.c.h; path = "UIRefreshControl+AFNetworking.h"; sourceTree = "<group>"; };
		6407BF9A1E542DDF0073C297 /* UIRefreshControl+AFNetworking.m */ = {isa = PBXFileReference; fileEncoding = 4; lastKnownFileType = sourcecode.c.objc; path = "UIRefreshControl+AFNetworking.m"; sourceTree = "<group>"; };
		6407BF9B1E542DDF0073C297 /* UIWebView+AFNetworking.h */ = {isa = PBXFileReference; fileEncoding = 4; lastKnownFileType = sourcecode.c.h; path = "UIWebView+AFNetworking.h"; sourceTree = "<group>"; };
		6407BF9C1E542DDF0073C297 /* UIWebView+AFNetworking.m */ = {isa = PBXFileReference; fileEncoding = 4; lastKnownFileType = sourcecode.c.objc; path = "UIWebView+AFNetworking.m"; sourceTree = "<group>"; };
		6407BFB01E5435700073C297 /* AFNetworkManager.h */ = {isa = PBXFileReference; fileEncoding = 4; lastKnownFileType = sourcecode.c.h; path = AFNetworkManager.h; sourceTree = "<group>"; };
		6407BFB11E5435700073C297 /* AFNetworkManager.m */ = {isa = PBXFileReference; fileEncoding = 4; lastKnownFileType = sourcecode.c.objc; path = AFNetworkManager.m; sourceTree = "<group>"; };
		6407BFB41E5447D40073C297 /* LaunchIntroductionView.h */ = {isa = PBXFileReference; fileEncoding = 4; lastKnownFileType = sourcecode.c.h; path = LaunchIntroductionView.h; sourceTree = "<group>"; };
		6407BFB51E5447D40073C297 /* LaunchIntroductionView.m */ = {isa = PBXFileReference; fileEncoding = 4; lastKnownFileType = sourcecode.c.objc; path = LaunchIntroductionView.m; sourceTree = "<group>"; };
		64AE940A1E9B620E00E08B78 /* QuartzCore.framework */ = {isa = PBXFileReference; lastKnownFileType = wrapper.framework; name = QuartzCore.framework; path = System/Library/Frameworks/QuartzCore.framework; sourceTree = SDKROOT; };
		64AE940C1E9B627A00E08B78 /* CoreText.framework */ = {isa = PBXFileReference; lastKnownFileType = wrapper.framework; name = CoreText.framework; path = System/Library/Frameworks/CoreText.framework; sourceTree = SDKROOT; };
		64AE940E1E9B62C100E08B78 /* CoreMotion.framework */ = {isa = PBXFileReference; lastKnownFileType = wrapper.framework; name = CoreMotion.framework; path = System/Library/Frameworks/CoreMotion.framework; sourceTree = SDKROOT; };
		64EFE37E1E4D5EC8006A1455 /* summer.app */ = {isa = PBXFileReference; explicitFileType = wrapper.application; includeInIndex = 0; path = summer.app; sourceTree = BUILT_PRODUCTS_DIR; };
		64EFE3811E4D5EC8006A1455 /* AppDelegate.swift */ = {isa = PBXFileReference; lastKnownFileType = sourcecode.swift; path = AppDelegate.swift; sourceTree = "<group>"; };
		64EFE3831E4D5EC8006A1455 /* ViewController.swift */ = {isa = PBXFileReference; lastKnownFileType = sourcecode.swift; path = ViewController.swift; sourceTree = "<group>"; };
		64EFE3861E4D5EC8006A1455 /* Base */ = {isa = PBXFileReference; lastKnownFileType = file.storyboard; name = Base; path = Base.lproj/Main.storyboard; sourceTree = "<group>"; };
		64EFE3881E4D5EC8006A1455 /* Assets.xcassets */ = {isa = PBXFileReference; lastKnownFileType = folder.assetcatalog; path = Assets.xcassets; sourceTree = "<group>"; };
		64EFE38B1E4D5EC8006A1455 /* Base */ = {isa = PBXFileReference; lastKnownFileType = file.storyboard; name = Base; path = Base.lproj/LaunchScreen.storyboard; sourceTree = "<group>"; };
		64EFE38D1E4D5EC8006A1455 /* Info.plist */ = {isa = PBXFileReference; lastKnownFileType = text.plist.xml; path = Info.plist; sourceTree = "<group>"; };
		64EFE3921E4D5EC8006A1455 /* summerTests.xctest */ = {isa = PBXFileReference; explicitFileType = wrapper.cfbundle; includeInIndex = 0; path = summerTests.xctest; sourceTree = BUILT_PRODUCTS_DIR; };
		64EFE3961E4D5EC8006A1455 /* summerTests.swift */ = {isa = PBXFileReference; lastKnownFileType = sourcecode.swift; path = summerTests.swift; sourceTree = "<group>"; };
		64EFE3981E4D5EC8006A1455 /* Info.plist */ = {isa = PBXFileReference; lastKnownFileType = text.plist.xml; path = Info.plist; sourceTree = "<group>"; };
		64EFE39D1E4D5EC8006A1455 /* summerUITests.xctest */ = {isa = PBXFileReference; explicitFileType = wrapper.cfbundle; includeInIndex = 0; path = summerUITests.xctest; sourceTree = BUILT_PRODUCTS_DIR; };
		64EFE3A11E4D5EC8006A1455 /* summerUITests.swift */ = {isa = PBXFileReference; lastKnownFileType = sourcecode.swift; path = summerUITests.swift; sourceTree = "<group>"; };
		64EFE3A31E4D5EC8006A1455 /* Info.plist */ = {isa = PBXFileReference; lastKnownFileType = text.plist.xml; path = Info.plist; sourceTree = "<group>"; };
		64EFE3B41E4D5FA3006A1455 /* BaseViewController.swift */ = {isa = PBXFileReference; fileEncoding = 4; lastKnownFileType = sourcecode.swift; path = BaseViewController.swift; sourceTree = "<group>"; };
		64EFE3B81E4D6B09006A1455 /* BaseNavViewController.swift */ = {isa = PBXFileReference; fileEncoding = 4; lastKnownFileType = sourcecode.swift; path = BaseNavViewController.swift; sourceTree = "<group>"; };
		64EFE3C21E4D9CA3006A1455 /* GlobalFile.swift */ = {isa = PBXFileReference; fileEncoding = 4; lastKnownFileType = sourcecode.swift; path = GlobalFile.swift; sourceTree = "<group>"; };
		64EFE3C41E4D9CC6006A1455 /* UserDefaultsUtils.swift */ = {isa = PBXFileReference; fileEncoding = 4; lastKnownFileType = sourcecode.swift; path = UserDefaultsUtils.swift; sourceTree = "<group>"; };
		64EFE3C81E4DB8CD006A1455 /* MyConfig.swift */ = {isa = PBXFileReference; fileEncoding = 4; lastKnownFileType = sourcecode.swift; path = MyConfig.swift; sourceTree = "<group>"; };
		64EFE3CA1E4DBD5C006A1455 /* Images.xcassets */ = {isa = PBXFileReference; lastKnownFileType = folder.assetcatalog; path = Images.xcassets; sourceTree = "<group>"; };
		64EFE3CC1E4DC65F006A1455 /* DisplayUtils.swift */ = {isa = PBXFileReference; fileEncoding = 4; lastKnownFileType = sourcecode.swift; path = DisplayUtils.swift; sourceTree = "<group>"; };
		64F196BD1E515B67005B80F8 /* CustemNavItem.swift */ = {isa = PBXFileReference; fileEncoding = 4; lastKnownFileType = sourcecode.swift; path = CustemNavItem.swift; sourceTree = "<group>"; };
		64F2B8891E53F4F800E287AA /* libWeChatSDK.a */ = {isa = PBXFileReference; lastKnownFileType = archive.ar; path = libWeChatSDK.a; sourceTree = "<group>"; };
		64F2B88A1E53F4F800E287AA /* WXApi.h */ = {isa = PBXFileReference; fileEncoding = 4; lastKnownFileType = sourcecode.c.h; path = WXApi.h; sourceTree = "<group>"; };
		64F2B88B1E53F4F800E287AA /* WXApiObject.h */ = {isa = PBXFileReference; fileEncoding = 4; lastKnownFileType = sourcecode.c.h; path = WXApiObject.h; sourceTree = "<group>"; };
		64F2B8961E53F7F600E287AA /* summer-Bridging-Header.h */ = {isa = PBXFileReference; lastKnownFileType = sourcecode.c.h; path = "summer-Bridging-Header.h"; sourceTree = "<group>"; };
		64F3A4C91E5D2D290083E73D /* SwiftPopMenu.swift */ = {isa = PBXFileReference; fileEncoding = 4; lastKnownFileType = sourcecode.swift; path = SwiftPopMenu.swift; sourceTree = "<group>"; };
		64F413311E55528400FDAAC6 /* MJRefreshAutoFooter.h */ = {isa = PBXFileReference; fileEncoding = 4; lastKnownFileType = sourcecode.c.h; path = MJRefreshAutoFooter.h; sourceTree = "<group>"; };
		64F413321E55528400FDAAC6 /* MJRefreshAutoFooter.m */ = {isa = PBXFileReference; fileEncoding = 4; lastKnownFileType = sourcecode.c.objc; path = MJRefreshAutoFooter.m; sourceTree = "<group>"; };
		64F413331E55528400FDAAC6 /* MJRefreshBackFooter.h */ = {isa = PBXFileReference; fileEncoding = 4; lastKnownFileType = sourcecode.c.h; path = MJRefreshBackFooter.h; sourceTree = "<group>"; };
		64F413341E55528400FDAAC6 /* MJRefreshBackFooter.m */ = {isa = PBXFileReference; fileEncoding = 4; lastKnownFileType = sourcecode.c.objc; path = MJRefreshBackFooter.m; sourceTree = "<group>"; };
		64F413351E55528400FDAAC6 /* MJRefreshComponent.h */ = {isa = PBXFileReference; fileEncoding = 4; lastKnownFileType = sourcecode.c.h; path = MJRefreshComponent.h; sourceTree = "<group>"; };
		64F413361E55528400FDAAC6 /* MJRefreshComponent.m */ = {isa = PBXFileReference; fileEncoding = 4; lastKnownFileType = sourcecode.c.objc; path = MJRefreshComponent.m; sourceTree = "<group>"; };
		64F413371E55528400FDAAC6 /* MJRefreshFooter.h */ = {isa = PBXFileReference; fileEncoding = 4; lastKnownFileType = sourcecode.c.h; path = MJRefreshFooter.h; sourceTree = "<group>"; };
		64F413381E55528400FDAAC6 /* MJRefreshFooter.m */ = {isa = PBXFileReference; fileEncoding = 4; lastKnownFileType = sourcecode.c.objc; path = MJRefreshFooter.m; sourceTree = "<group>"; };
		64F413391E55528400FDAAC6 /* MJRefreshHeader.h */ = {isa = PBXFileReference; fileEncoding = 4; lastKnownFileType = sourcecode.c.h; path = MJRefreshHeader.h; sourceTree = "<group>"; };
		64F4133A1E55528400FDAAC6 /* MJRefreshHeader.m */ = {isa = PBXFileReference; fileEncoding = 4; lastKnownFileType = sourcecode.c.objc; path = MJRefreshHeader.m; sourceTree = "<group>"; };
		64F4133E1E55528400FDAAC6 /* MJRefreshAutoGifFooter.h */ = {isa = PBXFileReference; fileEncoding = 4; lastKnownFileType = sourcecode.c.h; path = MJRefreshAutoGifFooter.h; sourceTree = "<group>"; };
		64F4133F1E55528400FDAAC6 /* MJRefreshAutoGifFooter.m */ = {isa = PBXFileReference; fileEncoding = 4; lastKnownFileType = sourcecode.c.objc; path = MJRefreshAutoGifFooter.m; sourceTree = "<group>"; };
		64F413401E55528400FDAAC6 /* MJRefreshAutoNormalFooter.h */ = {isa = PBXFileReference; fileEncoding = 4; lastKnownFileType = sourcecode.c.h; path = MJRefreshAutoNormalFooter.h; sourceTree = "<group>"; };
		64F413411E55528400FDAAC6 /* MJRefreshAutoNormalFooter.m */ = {isa = PBXFileReference; fileEncoding = 4; lastKnownFileType = sourcecode.c.objc; path = MJRefreshAutoNormalFooter.m; sourceTree = "<group>"; };
		64F413421E55528400FDAAC6 /* MJRefreshAutoStateFooter.h */ = {isa = PBXFileReference; fileEncoding = 4; lastKnownFileType = sourcecode.c.h; path = MJRefreshAutoStateFooter.h; sourceTree = "<group>"; };
		64F413431E55528400FDAAC6 /* MJRefreshAutoStateFooter.m */ = {isa = PBXFileReference; fileEncoding = 4; lastKnownFileType = sourcecode.c.objc; path = MJRefreshAutoStateFooter.m; sourceTree = "<group>"; };
		64F413451E55528400FDAAC6 /* MJRefreshBackGifFooter.h */ = {isa = PBXFileReference; fileEncoding = 4; lastKnownFileType = sourcecode.c.h; path = MJRefreshBackGifFooter.h; sourceTree = "<group>"; };
		64F413461E55528400FDAAC6 /* MJRefreshBackGifFooter.m */ = {isa = PBXFileReference; fileEncoding = 4; lastKnownFileType = sourcecode.c.objc; path = MJRefreshBackGifFooter.m; sourceTree = "<group>"; };
		64F413471E55528400FDAAC6 /* MJRefreshBackNormalFooter.h */ = {isa = PBXFileReference; fileEncoding = 4; lastKnownFileType = sourcecode.c.h; path = MJRefreshBackNormalFooter.h; sourceTree = "<group>"; };
		64F413481E55528400FDAAC6 /* MJRefreshBackNormalFooter.m */ = {isa = PBXFileReference; fileEncoding = 4; lastKnownFileType = sourcecode.c.objc; path = MJRefreshBackNormalFooter.m; sourceTree = "<group>"; };
		64F413491E55528400FDAAC6 /* MJRefreshBackStateFooter.h */ = {isa = PBXFileReference; fileEncoding = 4; lastKnownFileType = sourcecode.c.h; path = MJRefreshBackStateFooter.h; sourceTree = "<group>"; };
		64F4134A1E55528400FDAAC6 /* MJRefreshBackStateFooter.m */ = {isa = PBXFileReference; fileEncoding = 4; lastKnownFileType = sourcecode.c.objc; path = MJRefreshBackStateFooter.m; sourceTree = "<group>"; };
		64F4134C1E55528400FDAAC6 /* MJRefreshGifHeader.h */ = {isa = PBXFileReference; fileEncoding = 4; lastKnownFileType = sourcecode.c.h; path = MJRefreshGifHeader.h; sourceTree = "<group>"; };
		64F4134D1E55528400FDAAC6 /* MJRefreshGifHeader.m */ = {isa = PBXFileReference; fileEncoding = 4; lastKnownFileType = sourcecode.c.objc; path = MJRefreshGifHeader.m; sourceTree = "<group>"; };
		64F4134E1E55528400FDAAC6 /* MJRefreshNormalHeader.h */ = {isa = PBXFileReference; fileEncoding = 4; lastKnownFileType = sourcecode.c.h; path = MJRefreshNormalHeader.h; sourceTree = "<group>"; };
		64F4134F1E55528400FDAAC6 /* MJRefreshNormalHeader.m */ = {isa = PBXFileReference; fileEncoding = 4; lastKnownFileType = sourcecode.c.objc; path = MJRefreshNormalHeader.m; sourceTree = "<group>"; };
		64F413501E55528400FDAAC6 /* MJRefreshStateHeader.h */ = {isa = PBXFileReference; fileEncoding = 4; lastKnownFileType = sourcecode.c.h; path = MJRefreshStateHeader.h; sourceTree = "<group>"; };
		64F413511E55528400FDAAC6 /* MJRefreshStateHeader.m */ = {isa = PBXFileReference; fileEncoding = 4; lastKnownFileType = sourcecode.c.objc; path = MJRefreshStateHeader.m; sourceTree = "<group>"; };
		64F413521E55528400FDAAC6 /* MJRefresh.bundle */ = {isa = PBXFileReference; lastKnownFileType = "wrapper.plug-in"; path = MJRefresh.bundle; sourceTree = "<group>"; };
		64F413531E55528400FDAAC6 /* MJRefresh.h */ = {isa = PBXFileReference; fileEncoding = 4; lastKnownFileType = sourcecode.c.h; path = MJRefresh.h; sourceTree = "<group>"; };
		64F413541E55528400FDAAC6 /* MJRefreshConst.h */ = {isa = PBXFileReference; fileEncoding = 4; lastKnownFileType = sourcecode.c.h; path = MJRefreshConst.h; sourceTree = "<group>"; };
		64F413551E55528400FDAAC6 /* MJRefreshConst.m */ = {isa = PBXFileReference; fileEncoding = 4; lastKnownFileType = sourcecode.c.objc; path = MJRefreshConst.m; sourceTree = "<group>"; };
		64F413561E55528400FDAAC6 /* NSBundle+MJRefresh.h */ = {isa = PBXFileReference; fileEncoding = 4; lastKnownFileType = sourcecode.c.h; path = "NSBundle+MJRefresh.h"; sourceTree = "<group>"; };
		64F413571E55528400FDAAC6 /* NSBundle+MJRefresh.m */ = {isa = PBXFileReference; fileEncoding = 4; lastKnownFileType = sourcecode.c.objc; path = "NSBundle+MJRefresh.m"; sourceTree = "<group>"; };
		64F413581E55528400FDAAC6 /* UIScrollView+MJExtension.h */ = {isa = PBXFileReference; fileEncoding = 4; lastKnownFileType = sourcecode.c.h; path = "UIScrollView+MJExtension.h"; sourceTree = "<group>"; };
		64F413591E55528400FDAAC6 /* UIScrollView+MJExtension.m */ = {isa = PBXFileReference; fileEncoding = 4; lastKnownFileType = sourcecode.c.objc; path = "UIScrollView+MJExtension.m"; sourceTree = "<group>"; };
		64F4135A1E55528400FDAAC6 /* UIScrollView+MJRefresh.h */ = {isa = PBXFileReference; fileEncoding = 4; lastKnownFileType = sourcecode.c.h; path = "UIScrollView+MJRefresh.h"; sourceTree = "<group>"; };
		64F4135B1E55528400FDAAC6 /* UIScrollView+MJRefresh.m */ = {isa = PBXFileReference; fileEncoding = 4; lastKnownFileType = sourcecode.c.objc; path = "UIScrollView+MJRefresh.m"; sourceTree = "<group>"; };
		64F4135C1E55528400FDAAC6 /* UIView+MJExtension.h */ = {isa = PBXFileReference; fileEncoding = 4; lastKnownFileType = sourcecode.c.h; path = "UIView+MJExtension.h"; sourceTree = "<group>"; };
		64F4135D1E55528400FDAAC6 /* UIView+MJExtension.m */ = {isa = PBXFileReference; fileEncoding = 4; lastKnownFileType = sourcecode.c.objc; path = "UIView+MJExtension.m"; sourceTree = "<group>"; };
		64F44AAA1E569A92009D1135 /* jcore-ios-1.1.1.a */ = {isa = PBXFileReference; lastKnownFileType = archive.ar; path = "jcore-ios-1.1.1.a"; sourceTree = "<group>"; };
		64F44AAB1E569A92009D1135 /* jpush-ios-3.0.2.a */ = {isa = PBXFileReference; lastKnownFileType = archive.ar; path = "jpush-ios-3.0.2.a"; sourceTree = "<group>"; };
		64F44AAC1E569A92009D1135 /* JPUSHService.h */ = {isa = PBXFileReference; fileEncoding = 4; lastKnownFileType = sourcecode.c.h; path = JPUSHService.h; sourceTree = "<group>"; };
		64F44AAF1E569AC8009D1135 /* CoreFoundation.framework */ = {isa = PBXFileReference; lastKnownFileType = wrapper.framework; name = CoreFoundation.framework; path = System/Library/Frameworks/CoreFoundation.framework; sourceTree = SDKROOT; };
		64F44AB11E569AE4009D1135 /* CoreGraphics.framework */ = {isa = PBXFileReference; lastKnownFileType = wrapper.framework; name = CoreGraphics.framework; path = System/Library/Frameworks/CoreGraphics.framework; sourceTree = SDKROOT; };
		64F44AB31E569AEF009D1135 /* Foundation.framework */ = {isa = PBXFileReference; lastKnownFileType = wrapper.framework; name = Foundation.framework; path = System/Library/Frameworks/Foundation.framework; sourceTree = SDKROOT; };
		64F44AB51E569AF9009D1135 /* UIKit.framework */ = {isa = PBXFileReference; lastKnownFileType = wrapper.framework; name = UIKit.framework; path = System/Library/Frameworks/UIKit.framework; sourceTree = SDKROOT; };
		64F44AB71E569B14009D1135 /* AdSupport.framework */ = {isa = PBXFileReference; lastKnownFileType = wrapper.framework; name = AdSupport.framework; path = System/Library/Frameworks/AdSupport.framework; sourceTree = SDKROOT; };
		64F44AB91E569B24009D1135 /* UserNotifications.framework */ = {isa = PBXFileReference; lastKnownFileType = wrapper.framework; name = UserNotifications.framework; path = System/Library/Frameworks/UserNotifications.framework; sourceTree = SDKROOT; };
		64F44ABB1E569B3A009D1135 /* libresolv.tbd */ = {isa = PBXFileReference; lastKnownFileType = "sourcecode.text-based-dylib-definition"; name = libresolv.tbd; path = usr/lib/libresolv.tbd; sourceTree = SDKROOT; };
		64F44ABD1E569B51009D1135 /* summer.entitlements */ = {isa = PBXFileReference; lastKnownFileType = text.plist.entitlements; path = summer.entitlements; sourceTree = "<group>"; };
		792975552045069600CF48FA /* Bugly.framework */ = {isa = PBXFileReference; lastKnownFileType = wrapper.framework; path = Bugly.framework; sourceTree = "<group>"; };
		794038B11FFB34E80036A8BB /* AdOnlineTool.swift */ = {isa = PBXFileReference; lastKnownFileType = sourcecode.swift; path = AdOnlineTool.swift; sourceTree = "<group>"; };
		79797BDF2016B7AF003D9572 /* HAFieldClockController.swift */ = {isa = PBXFileReference; fileEncoding = 4; lastKnownFileType = sourcecode.swift; path = HAFieldClockController.swift; sourceTree = "<group>"; };
		79797BE12016B7B0003D9572 /* custonAnnotation.swift */ = {isa = PBXFileReference; fileEncoding = 4; lastKnownFileType = sourcecode.swift; path = custonAnnotation.swift; sourceTree = "<group>"; };
		79797C392022F559003D9572 /* LICENSE */ = {isa = PBXFileReference; fileEncoding = 4; lastKnownFileType = text; path = LICENSE; sourceTree = "<group>"; };
		79797C3A2022F559003D9572 /* MBProgressHUD+Add.h */ = {isa = PBXFileReference; fileEncoding = 4; lastKnownFileType = sourcecode.c.h; path = "MBProgressHUD+Add.h"; sourceTree = "<group>"; };
		79797C3B2022F559003D9572 /* MBProgressHUD+Add.m */ = {isa = PBXFileReference; fileEncoding = 4; lastKnownFileType = sourcecode.c.objc; path = "MBProgressHUD+Add.m"; sourceTree = "<group>"; };
		79797C3C2022F559003D9572 /* MBProgressHUD.h */ = {isa = PBXFileReference; fileEncoding = 4; lastKnownFileType = sourcecode.c.h; path = MBProgressHUD.h; sourceTree = "<group>"; };
		79797C3D2022F559003D9572 /* MBProgressHUD.m */ = {isa = PBXFileReference; fileEncoding = 4; lastKnownFileType = sourcecode.c.objc; path = MBProgressHUD.m; sourceTree = "<group>"; };
		79797C3E2022F559003D9572 /* README.mdown */ = {isa = PBXFileReference; fileEncoding = 4; lastKnownFileType = net.daringfireball.markdown; path = README.mdown; sourceTree = "<group>"; };
		9AF3BAAD1E9CB2EA00C3C643 /* AlipaySDK.framework */ = {isa = PBXFileReference; lastKnownFileType = wrapper.framework; path = AlipaySDK.framework; sourceTree = "<group>"; };
		9AF3BAAE1E9CB2EA00C3C643 /* AlipaySDK.bundle */ = {isa = PBXFileReference; lastKnownFileType = "wrapper.plug-in"; path = AlipaySDK.bundle; sourceTree = "<group>"; };
		C7B089C91E5C502A00BE0D43 /* PDKeyChain.h */ = {isa = PBXFileReference; fileEncoding = 4; lastKnownFileType = sourcecode.c.h; path = PDKeyChain.h; sourceTree = "<group>"; };
		C7B089CA1E5C502A00BE0D43 /* PDKeyChain.m */ = {isa = PBXFileReference; fileEncoding = 4; lastKnownFileType = sourcecode.c.objc; path = PDKeyChain.m; sourceTree = "<group>"; };
		DC0B06141FFDD8F8004A3A49 /* AdViewController.swift */ = {isa = PBXFileReference; fileEncoding = 4; lastKnownFileType = sourcecode.swift; path = AdViewController.swift; sourceTree = "<group>"; };
		DC0B06151FFDD8F8004A3A49 /* MainViewController.swift */ = {isa = PBXFileReference; fileEncoding = 4; lastKnownFileType = sourcecode.swift; path = MainViewController.swift; sourceTree = "<group>"; };
		DC0B06161FFDD8F8004A3A49 /* SettingViewController.swift */ = {isa = PBXFileReference; fileEncoding = 4; lastKnownFileType = sourcecode.swift; path = SettingViewController.swift; sourceTree = "<group>"; };
		DC0B06171FFDD8F8004A3A49 /* PingImageViewController.swift */ = {isa = PBXFileReference; fileEncoding = 4; lastKnownFileType = sourcecode.swift; path = PingImageViewController.swift; sourceTree = "<group>"; };
		DC3D8DCE20438E3A001E7FE0 /* LoginViewController.swift */ = {isa = PBXFileReference; lastKnownFileType = sourcecode.swift; path = LoginViewController.swift; sourceTree = "<group>"; };
		DCAD2844202161E2009AA8E0 /* STScanViewController.swift */ = {isa = PBXFileReference; fileEncoding = 4; lastKnownFileType = sourcecode.swift; path = STScanViewController.swift; sourceTree = "<group>"; };
		DCAD2845202161E2009AA8E0 /* STScanView.swift */ = {isa = PBXFileReference; fileEncoding = 4; lastKnownFileType = sourcecode.swift; path = STScanView.swift; sourceTree = "<group>"; };
		DCCC0B7C20440F0E00B89CFC /* STKeyChain.h */ = {isa = PBXFileReference; lastKnownFileType = sourcecode.c.h; path = STKeyChain.h; sourceTree = "<group>"; };
		DCCC0B7D20440F0E00B89CFC /* STKeyChain.m */ = {isa = PBXFileReference; lastKnownFileType = sourcecode.c.objc; path = STKeyChain.m; sourceTree = "<group>"; };
		DCCC0B7F2044DD3900B89CFC /* LoginAccount.plist */ = {isa = PBXFileReference; lastKnownFileType = text.plist.xml; path = LoginAccount.plist; sourceTree = "<group>"; };
		DCCC0B822044FAD700B89CFC /* LMJDropdownMenu.m */ = {isa = PBXFileReference; fileEncoding = 4; lastKnownFileType = sourcecode.c.objc; path = LMJDropdownMenu.m; sourceTree = "<group>"; };
		DCCC0B832044FAD700B89CFC /* LMJDropdownMenu.h */ = {isa = PBXFileReference; fileEncoding = 4; lastKnownFileType = sourcecode.c.h; path = LMJDropdownMenu.h; sourceTree = "<group>"; };
		DCF62FD72043DAC7002C245F /* YBPickerTool.h */ = {isa = PBXFileReference; fileEncoding = 4; lastKnownFileType = sourcecode.c.h; path = YBPickerTool.h; sourceTree = "<group>"; };
		DCF62FD82043DAC7002C245F /* YBPickerTool.m */ = {isa = PBXFileReference; fileEncoding = 4; lastKnownFileType = sourcecode.c.objc; path = YBPickerTool.m; sourceTree = "<group>"; };
/* End PBXFileReference section */

/* Begin PBXFrameworksBuildPhase section */
		64EFE37B1E4D5EC8006A1455 /* Frameworks */ = {
			isa = PBXFrameworksBuildPhase;
			buildActionMask = 2147483647;
			files = (
				64AE940F1E9B62C100E08B78 /* CoreMotion.framework in Frameworks */,
				64AE940D1E9B627A00E08B78 /* CoreText.framework in Frameworks */,
				64AE940B1E9B620E00E08B78 /* QuartzCore.framework in Frameworks */,
				64F44ABC1E569B3A009D1135 /* libresolv.tbd in Frameworks */,
				64F44ABA1E569B24009D1135 /* UserNotifications.framework in Frameworks */,
				64F44AB81E569B14009D1135 /* AdSupport.framework in Frameworks */,
				64F44AB61E569AF9009D1135 /* UIKit.framework in Frameworks */,
				64F44AB41E569AEF009D1135 /* Foundation.framework in Frameworks */,
				64F44AB21E569AE4009D1135 /* CoreGraphics.framework in Frameworks */,
				64F44AB01E569AC8009D1135 /* CoreFoundation.framework in Frameworks */,
				64F44AAE1E569A92009D1135 /* jpush-ios-3.0.2.a in Frameworks */,
				6407BF401E5403BD0073C297 /* CFNetwork.framework in Frameworks */,
				6407BF3E1E5403B60073C297 /* CoreTelephony.framework in Frameworks */,
				6407BF3C1E5403AE0073C297 /* Security.framework in Frameworks */,
				6407BF3A1E5403A40073C297 /* libc++.tbd in Frameworks */,
				9AF3BAAF1E9CB2EA00C3C643 /* AlipaySDK.framework in Frameworks */,
				792975562045069600CF48FA /* Bugly.framework in Frameworks */,
				6407BF381E54039C0073C297 /* libsqlite3.0.tbd in Frameworks */,
				64F44AAD1E569A92009D1135 /* jcore-ios-1.1.1.a in Frameworks */,
				6407BF361E5403920073C297 /* libz.tbd in Frameworks */,
				6407BF341E54037D0073C297 /* SystemConfiguration.framework in Frameworks */,
				64F2B88C1E53F4F800E287AA /* libWeChatSDK.a in Frameworks */,
			);
			runOnlyForDeploymentPostprocessing = 0;
		};
		64EFE38F1E4D5EC8006A1455 /* Frameworks */ = {
			isa = PBXFrameworksBuildPhase;
			buildActionMask = 2147483647;
			files = (
			);
			runOnlyForDeploymentPostprocessing = 0;
		};
		64EFE39A1E4D5EC8006A1455 /* Frameworks */ = {
			isa = PBXFrameworksBuildPhase;
			buildActionMask = 2147483647;
			files = (
			);
			runOnlyForDeploymentPostprocessing = 0;
		};
/* End PBXFrameworksBuildPhase section */

/* Begin PBXGroup section */
		6407BF321E54037D0073C297 /* Frameworks */ = {
			isa = PBXGroup;
			children = (
				64AE940E1E9B62C100E08B78 /* CoreMotion.framework */,
				64AE940C1E9B627A00E08B78 /* CoreText.framework */,
				64AE940A1E9B620E00E08B78 /* QuartzCore.framework */,
				64F44ABB1E569B3A009D1135 /* libresolv.tbd */,
				64F44AB91E569B24009D1135 /* UserNotifications.framework */,
				64F44AB71E569B14009D1135 /* AdSupport.framework */,
				64F44AB51E569AF9009D1135 /* UIKit.framework */,
				64F44AB31E569AEF009D1135 /* Foundation.framework */,
				64F44AB11E569AE4009D1135 /* CoreGraphics.framework */,
				64F44AAF1E569AC8009D1135 /* CoreFoundation.framework */,
				6407BF3F1E5403BD0073C297 /* CFNetwork.framework */,
				6407BF3D1E5403B60073C297 /* CoreTelephony.framework */,
				6407BF3B1E5403AD0073C297 /* Security.framework */,
				6407BF391E5403A40073C297 /* libc++.tbd */,
				6407BF371E54039C0073C297 /* libsqlite3.0.tbd */,
				6407BF351E5403920073C297 /* libz.tbd */,
				6407BF331E54037D0073C297 /* SystemConfiguration.framework */,
			);
			name = Frameworks;
			sourceTree = "<group>";
		};
		6407BF411E542DB60073C297 /* Library-oc */ = {
			isa = PBXGroup;
			children = (
<<<<<<< HEAD
				792975552045069600CF48FA /* Bugly.framework */,
=======
				DCCC0B812044FAD700B89CFC /* LMJDropdownMenu */,
				DCF62FD62043DAC7002C245F /* YBPickerTool */,
>>>>>>> 8b1df6a6ab7d0f5fe59dc2c0a42aa9959f5fd72f
				79797C382022F559003D9572 /* MBProgressHUD */,
				C7B089C91E5C502A00BE0D43 /* PDKeyChain.h */,
				C7B089CA1E5C502A00BE0D43 /* PDKeyChain.m */,
				DCCC0B7C20440F0E00B89CFC /* STKeyChain.h */,
				DCCC0B7D20440F0E00B89CFC /* STKeyChain.m */,
				64F4132F1E55528400FDAAC6 /* MJRefresh */,
				6407BFB31E5447D40073C297 /* LaunchIntroduction */,
				6407BFB01E5435700073C297 /* AFNetworkManager.h */,
				6407BFB11E5435700073C297 /* AFNetworkManager.m */,
				6407BF731E542DDF0073C297 /* AFNetworking */,
				6407BF421E542DD00073C297 /* SDWebImage */,
			);
			path = "Library-oc";
			sourceTree = "<group>";
		};
		6407BF421E542DD00073C297 /* SDWebImage */ = {
			isa = PBXGroup;
			children = (
				6407BF431E542DD00073C297 /* LICENSE */,
				6407BF441E542DD00073C297 /* README.md */,
				6407BF451E542DD00073C297 /* SDWebImage */,
			);
			path = SDWebImage;
			sourceTree = "<group>";
		};
		6407BF451E542DD00073C297 /* SDWebImage */ = {
			isa = PBXGroup;
			children = (
				6407BF461E542DD00073C297 /* NSData+ImageContentType.h */,
				6407BF471E542DD00073C297 /* NSData+ImageContentType.m */,
				6407BF481E542DD00073C297 /* SDImageCache.h */,
				6407BF491E542DD00073C297 /* SDImageCache.m */,
				6407BF4A1E542DD00073C297 /* SDWebImageCompat.h */,
				6407BF4B1E542DD00073C297 /* SDWebImageCompat.m */,
				6407BF4C1E542DD00073C297 /* SDWebImageDecoder.h */,
				6407BF4D1E542DD00073C297 /* SDWebImageDecoder.m */,
				6407BF4E1E542DD00073C297 /* SDWebImageDownloader.h */,
				6407BF4F1E542DD00073C297 /* SDWebImageDownloader.m */,
				6407BF501E542DD00073C297 /* SDWebImageDownloaderOperation.h */,
				6407BF511E542DD00073C297 /* SDWebImageDownloaderOperation.m */,
				6407BF521E542DD00073C297 /* SDWebImageManager.h */,
				6407BF531E542DD00073C297 /* SDWebImageManager.m */,
				6407BF541E542DD00073C297 /* SDWebImageOperation.h */,
				6407BF551E542DD00073C297 /* SDWebImagePrefetcher.h */,
				6407BF561E542DD00073C297 /* SDWebImagePrefetcher.m */,
				6407BF571E542DD00073C297 /* UIButton+WebCache.h */,
				6407BF581E542DD00073C297 /* UIButton+WebCache.m */,
				6407BF591E542DD00073C297 /* UIImage+GIF.h */,
				6407BF5A1E542DD00073C297 /* UIImage+GIF.m */,
				6407BF5B1E542DD00073C297 /* UIImage+MultiFormat.h */,
				6407BF5C1E542DD00073C297 /* UIImage+MultiFormat.m */,
				6407BF5D1E542DD00073C297 /* UIImageView+HighlightedWebCache.h */,
				6407BF5E1E542DD00073C297 /* UIImageView+HighlightedWebCache.m */,
				6407BF5F1E542DD00073C297 /* UIImageView+WebCache.h */,
				6407BF601E542DD00073C297 /* UIImageView+WebCache.m */,
				6407BF611E542DD00073C297 /* UIView+WebCacheOperation.h */,
				6407BF621E542DD00073C297 /* UIView+WebCacheOperation.m */,
			);
			path = SDWebImage;
			sourceTree = "<group>";
		};
		6407BF731E542DDF0073C297 /* AFNetworking */ = {
			isa = PBXGroup;
			children = (
				6407BF741E542DDF0073C297 /* AFNetworking */,
				6407BF881E542DDF0073C297 /* LICENSE */,
				6407BF891E542DDF0073C297 /* README.md */,
				6407BF8A1E542DDF0073C297 /* UIKit+AFNetworking */,
			);
			path = AFNetworking;
			sourceTree = "<group>";
		};
		6407BF741E542DDF0073C297 /* AFNetworking */ = {
			isa = PBXGroup;
			children = (
				6407BF751E542DDF0073C297 /* AFHTTPRequestOperation.h */,
				6407BF761E542DDF0073C297 /* AFHTTPRequestOperation.m */,
				6407BF771E542DDF0073C297 /* AFHTTPRequestOperationManager.h */,
				6407BF781E542DDF0073C297 /* AFHTTPRequestOperationManager.m */,
				6407BF791E542DDF0073C297 /* AFHTTPSessionManager.h */,
				6407BF7A1E542DDF0073C297 /* AFHTTPSessionManager.m */,
				6407BF7B1E542DDF0073C297 /* AFNetworking.h */,
				6407BF7C1E542DDF0073C297 /* AFNetworkReachabilityManager.h */,
				6407BF7D1E542DDF0073C297 /* AFNetworkReachabilityManager.m */,
				6407BF7E1E542DDF0073C297 /* AFSecurityPolicy.h */,
				6407BF7F1E542DDF0073C297 /* AFSecurityPolicy.m */,
				6407BF801E542DDF0073C297 /* AFURLConnectionOperation.h */,
				6407BF811E542DDF0073C297 /* AFURLConnectionOperation.m */,
				6407BF821E542DDF0073C297 /* AFURLRequestSerialization.h */,
				6407BF831E542DDF0073C297 /* AFURLRequestSerialization.m */,
				6407BF841E542DDF0073C297 /* AFURLResponseSerialization.h */,
				6407BF851E542DDF0073C297 /* AFURLResponseSerialization.m */,
				6407BF861E542DDF0073C297 /* AFURLSessionManager.h */,
				6407BF871E542DDF0073C297 /* AFURLSessionManager.m */,
			);
			path = AFNetworking;
			sourceTree = "<group>";
		};
		6407BF8A1E542DDF0073C297 /* UIKit+AFNetworking */ = {
			isa = PBXGroup;
			children = (
				6407BF8B1E542DDF0073C297 /* AFNetworkActivityIndicatorManager.h */,
				6407BF8C1E542DDF0073C297 /* AFNetworkActivityIndicatorManager.m */,
				6407BF8D1E542DDF0073C297 /* UIActivityIndicatorView+AFNetworking.h */,
				6407BF8E1E542DDF0073C297 /* UIActivityIndicatorView+AFNetworking.m */,
				6407BF8F1E542DDF0073C297 /* UIAlertView+AFNetworking.h */,
				6407BF901E542DDF0073C297 /* UIAlertView+AFNetworking.m */,
				6407BF911E542DDF0073C297 /* UIButton+AFNetworking.h */,
				6407BF921E542DDF0073C297 /* UIButton+AFNetworking.m */,
				6407BF931E542DDF0073C297 /* UIImage+AFNetworking.h */,
				6407BF941E542DDF0073C297 /* UIImageView+AFNetworking.h */,
				6407BF951E542DDF0073C297 /* UIImageView+AFNetworking.m */,
				6407BF961E542DDF0073C297 /* UIKit+AFNetworking.h */,
				6407BF971E542DDF0073C297 /* UIProgressView+AFNetworking.h */,
				6407BF981E542DDF0073C297 /* UIProgressView+AFNetworking.m */,
				6407BF991E542DDF0073C297 /* UIRefreshControl+AFNetworking.h */,
				6407BF9A1E542DDF0073C297 /* UIRefreshControl+AFNetworking.m */,
				6407BF9B1E542DDF0073C297 /* UIWebView+AFNetworking.h */,
				6407BF9C1E542DDF0073C297 /* UIWebView+AFNetworking.m */,
			);
			path = "UIKit+AFNetworking";
			sourceTree = "<group>";
		};
		6407BFB31E5447D40073C297 /* LaunchIntroduction */ = {
			isa = PBXGroup;
			children = (
				6407BFB41E5447D40073C297 /* LaunchIntroductionView.h */,
				6407BFB51E5447D40073C297 /* LaunchIntroductionView.m */,
			);
			path = LaunchIntroduction;
			sourceTree = "<group>";
		};
		64AE94051E9B606900E08B78 /* AliPay */ = {
			isa = PBXGroup;
			children = (
				9AF3BAAD1E9CB2EA00C3C643 /* AlipaySDK.framework */,
				9AF3BAAE1E9CB2EA00C3C643 /* AlipaySDK.bundle */,
			);
			path = AliPay;
			sourceTree = "<group>";
		};
		64EFE3751E4D5EC8006A1455 = {
			isa = PBXGroup;
			children = (
				64EFE3801E4D5EC8006A1455 /* summer */,
				64EFE3951E4D5EC8006A1455 /* summerTests */,
				64EFE3A01E4D5EC8006A1455 /* summerUITests */,
				64EFE37F1E4D5EC8006A1455 /* Products */,
				6407BF321E54037D0073C297 /* Frameworks */,
			);
			sourceTree = "<group>";
		};
		64EFE37F1E4D5EC8006A1455 /* Products */ = {
			isa = PBXGroup;
			children = (
				64EFE37E1E4D5EC8006A1455 /* summer.app */,
				64EFE3921E4D5EC8006A1455 /* summerTests.xctest */,
				64EFE39D1E4D5EC8006A1455 /* summerUITests.xctest */,
			);
			name = Products;
			sourceTree = "<group>";
		};
		64EFE3801E4D5EC8006A1455 /* summer */ = {
			isa = PBXGroup;
			children = (
				64F44ABD1E569B51009D1135 /* summer.entitlements */,
				6407BF411E542DB60073C297 /* Library-oc */,
				64EFE3C11E4D9C80006A1455 /* Utils */,
				64EFE3B11E4D5F5B006A1455 /* Library */,
				64EFE3B01E4D5F5B006A1455 /* Category */,
				64EFE3B31E4D5F5B006A1455 /* ToolClass */,
				64EFE3AF1E4D5F5B006A1455 /* BaseController */,
				79797BDE2016B749003D9572 /* ClockMap */,
				64EFE3B21E4D5F5B006A1455 /* MainController */,
				64EFE3811E4D5EC8006A1455 /* AppDelegate.swift */,
				64EFE3831E4D5EC8006A1455 /* ViewController.swift */,
				64EFE3851E4D5EC8006A1455 /* Main.storyboard */,
				64EFE3881E4D5EC8006A1455 /* Assets.xcassets */,
				64EFE38A1E4D5EC8006A1455 /* LaunchScreen.storyboard */,
				64EFE38D1E4D5EC8006A1455 /* Info.plist */,
				DCCC0B7F2044DD3900B89CFC /* LoginAccount.plist */,
				64EFE3CA1E4DBD5C006A1455 /* Images.xcassets */,
				64F2B8961E53F7F600E287AA /* summer-Bridging-Header.h */,
			);
			path = summer;
			sourceTree = "<group>";
		};
		64EFE3951E4D5EC8006A1455 /* summerTests */ = {
			isa = PBXGroup;
			children = (
				64EFE3961E4D5EC8006A1455 /* summerTests.swift */,
				64EFE3981E4D5EC8006A1455 /* Info.plist */,
			);
			path = summerTests;
			sourceTree = "<group>";
		};
		64EFE3A01E4D5EC8006A1455 /* summerUITests */ = {
			isa = PBXGroup;
			children = (
				64EFE3A11E4D5EC8006A1455 /* summerUITests.swift */,
				64EFE3A31E4D5EC8006A1455 /* Info.plist */,
			);
			path = summerUITests;
			sourceTree = "<group>";
		};
		64EFE3AF1E4D5F5B006A1455 /* BaseController */ = {
			isa = PBXGroup;
			children = (
				64EFE3B41E4D5FA3006A1455 /* BaseViewController.swift */,
				64EFE3B81E4D6B09006A1455 /* BaseNavViewController.swift */,
			);
			path = BaseController;
			sourceTree = "<group>";
		};
		64EFE3B01E4D5F5B006A1455 /* Category */ = {
			isa = PBXGroup;
			children = (
			);
			path = Category;
			sourceTree = "<group>";
		};
		64EFE3B11E4D5F5B006A1455 /* Library */ = {
			isa = PBXGroup;
			children = (
				64AE94051E9B606900E08B78 /* AliPay */,
				64F44AA91E569A92009D1135 /* Lib */,
				64F2B8881E53F4E400E287AA /* WXPay */,
			);
			path = Library;
			sourceTree = "<group>";
		};
		64EFE3B21E4D5F5B006A1455 /* MainController */ = {
			isa = PBXGroup;
			children = (
				DC0B06141FFDD8F8004A3A49 /* AdViewController.swift */,
				DC0B06151FFDD8F8004A3A49 /* MainViewController.swift */,
				DC0B06171FFDD8F8004A3A49 /* PingImageViewController.swift */,
				DC0B06161FFDD8F8004A3A49 /* SettingViewController.swift */,
				DC3D8DCE20438E3A001E7FE0 /* LoginViewController.swift */,
			);
			path = MainController;
			sourceTree = "<group>";
		};
		64EFE3B31E4D5F5B006A1455 /* ToolClass */ = {
			isa = PBXGroup;
			children = (
				DCAD2845202161E2009AA8E0 /* STScanView.swift */,
				DCAD2844202161E2009AA8E0 /* STScanViewController.swift */,
				64F3A4C91E5D2D290083E73D /* SwiftPopMenu.swift */,
				64F196BD1E515B67005B80F8 /* CustemNavItem.swift */,
				794038B11FFB34E80036A8BB /* AdOnlineTool.swift */,
			);
			path = ToolClass;
			sourceTree = "<group>";
		};
		64EFE3C11E4D9C80006A1455 /* Utils */ = {
			isa = PBXGroup;
			children = (
				64EFE3C21E4D9CA3006A1455 /* GlobalFile.swift */,
				64EFE3C41E4D9CC6006A1455 /* UserDefaultsUtils.swift */,
				64EFE3CC1E4DC65F006A1455 /* DisplayUtils.swift */,
				64EFE3C81E4DB8CD006A1455 /* MyConfig.swift */,
			);
			path = Utils;
			sourceTree = "<group>";
		};
		64F2B8881E53F4E400E287AA /* WXPay */ = {
			isa = PBXGroup;
			children = (
				64F2B8891E53F4F800E287AA /* libWeChatSDK.a */,
				64F2B88A1E53F4F800E287AA /* WXApi.h */,
				64F2B88B1E53F4F800E287AA /* WXApiObject.h */,
			);
			path = WXPay;
			sourceTree = "<group>";
		};
		64F4132F1E55528400FDAAC6 /* MJRefresh */ = {
			isa = PBXGroup;
			children = (
				64F413301E55528400FDAAC6 /* Base */,
				64F4133B1E55528400FDAAC6 /* Custom */,
				64F413521E55528400FDAAC6 /* MJRefresh.bundle */,
				64F413531E55528400FDAAC6 /* MJRefresh.h */,
				64F413541E55528400FDAAC6 /* MJRefreshConst.h */,
				64F413551E55528400FDAAC6 /* MJRefreshConst.m */,
				64F413561E55528400FDAAC6 /* NSBundle+MJRefresh.h */,
				64F413571E55528400FDAAC6 /* NSBundle+MJRefresh.m */,
				64F413581E55528400FDAAC6 /* UIScrollView+MJExtension.h */,
				64F413591E55528400FDAAC6 /* UIScrollView+MJExtension.m */,
				64F4135A1E55528400FDAAC6 /* UIScrollView+MJRefresh.h */,
				64F4135B1E55528400FDAAC6 /* UIScrollView+MJRefresh.m */,
				64F4135C1E55528400FDAAC6 /* UIView+MJExtension.h */,
				64F4135D1E55528400FDAAC6 /* UIView+MJExtension.m */,
			);
			path = MJRefresh;
			sourceTree = "<group>";
		};
		64F413301E55528400FDAAC6 /* Base */ = {
			isa = PBXGroup;
			children = (
				64F413311E55528400FDAAC6 /* MJRefreshAutoFooter.h */,
				64F413321E55528400FDAAC6 /* MJRefreshAutoFooter.m */,
				64F413331E55528400FDAAC6 /* MJRefreshBackFooter.h */,
				64F413341E55528400FDAAC6 /* MJRefreshBackFooter.m */,
				64F413351E55528400FDAAC6 /* MJRefreshComponent.h */,
				64F413361E55528400FDAAC6 /* MJRefreshComponent.m */,
				64F413371E55528400FDAAC6 /* MJRefreshFooter.h */,
				64F413381E55528400FDAAC6 /* MJRefreshFooter.m */,
				64F413391E55528400FDAAC6 /* MJRefreshHeader.h */,
				64F4133A1E55528400FDAAC6 /* MJRefreshHeader.m */,
			);
			path = Base;
			sourceTree = "<group>";
		};
		64F4133B1E55528400FDAAC6 /* Custom */ = {
			isa = PBXGroup;
			children = (
				64F4133C1E55528400FDAAC6 /* Footer */,
				64F4134B1E55528400FDAAC6 /* Header */,
			);
			path = Custom;
			sourceTree = "<group>";
		};
		64F4133C1E55528400FDAAC6 /* Footer */ = {
			isa = PBXGroup;
			children = (
				64F4133D1E55528400FDAAC6 /* Auto */,
				64F413441E55528400FDAAC6 /* Back */,
			);
			path = Footer;
			sourceTree = "<group>";
		};
		64F4133D1E55528400FDAAC6 /* Auto */ = {
			isa = PBXGroup;
			children = (
				64F4133E1E55528400FDAAC6 /* MJRefreshAutoGifFooter.h */,
				64F4133F1E55528400FDAAC6 /* MJRefreshAutoGifFooter.m */,
				64F413401E55528400FDAAC6 /* MJRefreshAutoNormalFooter.h */,
				64F413411E55528400FDAAC6 /* MJRefreshAutoNormalFooter.m */,
				64F413421E55528400FDAAC6 /* MJRefreshAutoStateFooter.h */,
				64F413431E55528400FDAAC6 /* MJRefreshAutoStateFooter.m */,
			);
			path = Auto;
			sourceTree = "<group>";
		};
		64F413441E55528400FDAAC6 /* Back */ = {
			isa = PBXGroup;
			children = (
				64F413451E55528400FDAAC6 /* MJRefreshBackGifFooter.h */,
				64F413461E55528400FDAAC6 /* MJRefreshBackGifFooter.m */,
				64F413471E55528400FDAAC6 /* MJRefreshBackNormalFooter.h */,
				64F413481E55528400FDAAC6 /* MJRefreshBackNormalFooter.m */,
				64F413491E55528400FDAAC6 /* MJRefreshBackStateFooter.h */,
				64F4134A1E55528400FDAAC6 /* MJRefreshBackStateFooter.m */,
			);
			path = Back;
			sourceTree = "<group>";
		};
		64F4134B1E55528400FDAAC6 /* Header */ = {
			isa = PBXGroup;
			children = (
				64F4134C1E55528400FDAAC6 /* MJRefreshGifHeader.h */,
				64F4134D1E55528400FDAAC6 /* MJRefreshGifHeader.m */,
				64F4134E1E55528400FDAAC6 /* MJRefreshNormalHeader.h */,
				64F4134F1E55528400FDAAC6 /* MJRefreshNormalHeader.m */,
				64F413501E55528400FDAAC6 /* MJRefreshStateHeader.h */,
				64F413511E55528400FDAAC6 /* MJRefreshStateHeader.m */,
			);
			path = Header;
			sourceTree = "<group>";
		};
		64F44AA91E569A92009D1135 /* Lib */ = {
			isa = PBXGroup;
			children = (
				64F44AAA1E569A92009D1135 /* jcore-ios-1.1.1.a */,
				64F44AAB1E569A92009D1135 /* jpush-ios-3.0.2.a */,
				64F44AAC1E569A92009D1135 /* JPUSHService.h */,
			);
			path = Lib;
			sourceTree = "<group>";
		};
		79797BDE2016B749003D9572 /* ClockMap */ = {
			isa = PBXGroup;
			children = (
				79797BE12016B7B0003D9572 /* custonAnnotation.swift */,
				79797BDF2016B7AF003D9572 /* HAFieldClockController.swift */,
			);
			path = ClockMap;
			sourceTree = "<group>";
		};
		79797C382022F559003D9572 /* MBProgressHUD */ = {
			isa = PBXGroup;
			children = (
				79797C392022F559003D9572 /* LICENSE */,
				79797C3A2022F559003D9572 /* MBProgressHUD+Add.h */,
				79797C3B2022F559003D9572 /* MBProgressHUD+Add.m */,
				79797C3C2022F559003D9572 /* MBProgressHUD.h */,
				79797C3D2022F559003D9572 /* MBProgressHUD.m */,
				79797C3E2022F559003D9572 /* README.mdown */,
			);
			path = MBProgressHUD;
			sourceTree = "<group>";
		};
		DCCC0B812044FAD700B89CFC /* LMJDropdownMenu */ = {
			isa = PBXGroup;
			children = (
				DCCC0B832044FAD700B89CFC /* LMJDropdownMenu.h */,
				DCCC0B822044FAD700B89CFC /* LMJDropdownMenu.m */,
			);
			path = LMJDropdownMenu;
			sourceTree = "<group>";
		};
		DCF62FD62043DAC7002C245F /* YBPickerTool */ = {
			isa = PBXGroup;
			children = (
				DCF62FD72043DAC7002C245F /* YBPickerTool.h */,
				DCF62FD82043DAC7002C245F /* YBPickerTool.m */,
			);
			path = YBPickerTool;
			sourceTree = "<group>";
		};
/* End PBXGroup section */

/* Begin PBXNativeTarget section */
		64EFE37D1E4D5EC8006A1455 /* summer */ = {
			isa = PBXNativeTarget;
			buildConfigurationList = 64EFE3A61E4D5EC8006A1455 /* Build configuration list for PBXNativeTarget "summer" */;
			buildPhases = (
				64EFE37A1E4D5EC8006A1455 /* Sources */,
				64EFE37B1E4D5EC8006A1455 /* Frameworks */,
				64EFE37C1E4D5EC8006A1455 /* Resources */,
			);
			buildRules = (
			);
			dependencies = (
			);
			name = summer;
			productName = summer;
			productReference = 64EFE37E1E4D5EC8006A1455 /* summer.app */;
			productType = "com.apple.product-type.application";
		};
		64EFE3911E4D5EC8006A1455 /* summerTests */ = {
			isa = PBXNativeTarget;
			buildConfigurationList = 64EFE3A91E4D5EC8006A1455 /* Build configuration list for PBXNativeTarget "summerTests" */;
			buildPhases = (
				64EFE38E1E4D5EC8006A1455 /* Sources */,
				64EFE38F1E4D5EC8006A1455 /* Frameworks */,
				64EFE3901E4D5EC8006A1455 /* Resources */,
			);
			buildRules = (
			);
			dependencies = (
				64EFE3941E4D5EC8006A1455 /* PBXTargetDependency */,
			);
			name = summerTests;
			productName = summerTests;
			productReference = 64EFE3921E4D5EC8006A1455 /* summerTests.xctest */;
			productType = "com.apple.product-type.bundle.unit-test";
		};
		64EFE39C1E4D5EC8006A1455 /* summerUITests */ = {
			isa = PBXNativeTarget;
			buildConfigurationList = 64EFE3AC1E4D5EC8006A1455 /* Build configuration list for PBXNativeTarget "summerUITests" */;
			buildPhases = (
				64EFE3991E4D5EC8006A1455 /* Sources */,
				64EFE39A1E4D5EC8006A1455 /* Frameworks */,
				64EFE39B1E4D5EC8006A1455 /* Resources */,
			);
			buildRules = (
			);
			dependencies = (
				64EFE39F1E4D5EC8006A1455 /* PBXTargetDependency */,
			);
			name = summerUITests;
			productName = summerUITests;
			productReference = 64EFE39D1E4D5EC8006A1455 /* summerUITests.xctest */;
			productType = "com.apple.product-type.bundle.ui-testing";
		};
/* End PBXNativeTarget section */

/* Begin PBXProject section */
		64EFE3761E4D5EC8006A1455 /* Project object */ = {
			isa = PBXProject;
			attributes = {
				LastSwiftUpdateCheck = 0800;
				LastUpgradeCheck = 0800;
				ORGANIZATIONNAME = FangLin;
				TargetAttributes = {
					64EFE37D1E4D5EC8006A1455 = {
						CreatedOnToolsVersion = 8.0;
						DevelopmentTeam = 35SG99VZ4S;
						LastSwiftMigration = 0800;
						ProvisioningStyle = Automatic;
						SystemCapabilities = {
							com.apple.BackgroundModes = {
								enabled = 1;
							};
							com.apple.Push = {
								enabled = 1;
							};
						};
					};
					64EFE3911E4D5EC8006A1455 = {
						CreatedOnToolsVersion = 8.0;
						ProvisioningStyle = Automatic;
						TestTargetID = 64EFE37D1E4D5EC8006A1455;
					};
					64EFE39C1E4D5EC8006A1455 = {
						CreatedOnToolsVersion = 8.0;
						ProvisioningStyle = Automatic;
						TestTargetID = 64EFE37D1E4D5EC8006A1455;
					};
				};
			};
			buildConfigurationList = 64EFE3791E4D5EC8006A1455 /* Build configuration list for PBXProject "summer" */;
			compatibilityVersion = "Xcode 3.2";
			developmentRegion = English;
			hasScannedForEncodings = 0;
			knownRegions = (
				en,
				Base,
			);
			mainGroup = 64EFE3751E4D5EC8006A1455;
			productRefGroup = 64EFE37F1E4D5EC8006A1455 /* Products */;
			projectDirPath = "";
			projectRoot = "";
			targets = (
				64EFE37D1E4D5EC8006A1455 /* summer */,
				64EFE3911E4D5EC8006A1455 /* summerTests */,
				64EFE39C1E4D5EC8006A1455 /* summerUITests */,
			);
		};
/* End PBXProject section */

/* Begin PBXResourcesBuildPhase section */
		64EFE37C1E4D5EC8006A1455 /* Resources */ = {
			isa = PBXResourcesBuildPhase;
			buildActionMask = 2147483647;
			files = (
				DCCC0B802044DD3900B89CFC /* LoginAccount.plist in Resources */,
				9AF3BAB01E9CB2EA00C3C643 /* AlipaySDK.bundle in Resources */,
				6407BFA61E542DDF0073C297 /* LICENSE in Resources */,
				64EFE38C1E4D5EC8006A1455 /* LaunchScreen.storyboard in Resources */,
				64F4136C1E55528400FDAAC6 /* MJRefresh.bundle in Resources */,
				64EFE3CB1E4DBD5C006A1455 /* Images.xcassets in Resources */,
				64EFE3891E4D5EC8006A1455 /* Assets.xcassets in Resources */,
				79797C3F2022F559003D9572 /* LICENSE in Resources */,
				64EFE3871E4D5EC8006A1455 /* Main.storyboard in Resources */,
				6407BF631E542DD00073C297 /* LICENSE in Resources */,
				79797C422022F559003D9572 /* README.mdown in Resources */,
			);
			runOnlyForDeploymentPostprocessing = 0;
		};
		64EFE3901E4D5EC8006A1455 /* Resources */ = {
			isa = PBXResourcesBuildPhase;
			buildActionMask = 2147483647;
			files = (
			);
			runOnlyForDeploymentPostprocessing = 0;
		};
		64EFE39B1E4D5EC8006A1455 /* Resources */ = {
			isa = PBXResourcesBuildPhase;
			buildActionMask = 2147483647;
			files = (
			);
			runOnlyForDeploymentPostprocessing = 0;
		};
/* End PBXResourcesBuildPhase section */

/* Begin PBXSourcesBuildPhase section */
		64EFE37A1E4D5EC8006A1455 /* Sources */ = {
			isa = PBXSourcesBuildPhase;
			buildActionMask = 2147483647;
			files = (
				64EFE3C51E4D9CC6006A1455 /* UserDefaultsUtils.swift in Sources */,
				64F4136E1E55528400FDAAC6 /* NSBundle+MJRefresh.m in Sources */,
				DCF62FD92043DAC8002C245F /* YBPickerTool.m in Sources */,
				6407BFA01E542DDF0073C297 /* AFNetworkReachabilityManager.m in Sources */,
				6407BFAF1E542DDF0073C297 /* UIWebView+AFNetworking.m in Sources */,
				64F413681E55528400FDAAC6 /* MJRefreshBackStateFooter.m in Sources */,
				64EFE3C31E4D9CA3006A1455 /* GlobalFile.swift in Sources */,
				DCAD2846202161E2009AA8E0 /* STScanViewController.swift in Sources */,
				79797C412022F559003D9572 /* MBProgressHUD.m in Sources */,
				DC0B061B1FFDD8F8004A3A49 /* PingImageViewController.swift in Sources */,
				64F4136A1E55528400FDAAC6 /* MJRefreshNormalHeader.m in Sources */,
				DC0B06191FFDD8F8004A3A49 /* MainViewController.swift in Sources */,
				64F413701E55528400FDAAC6 /* UIScrollView+MJRefresh.m in Sources */,
				6407BFA81E542DDF0073C297 /* AFNetworkActivityIndicatorManager.m in Sources */,
				64F4136B1E55528400FDAAC6 /* MJRefreshStateHeader.m in Sources */,
				6407BF6D1E542DD00073C297 /* UIButton+WebCache.m in Sources */,
				64F413661E55528400FDAAC6 /* MJRefreshBackGifFooter.m in Sources */,
				64F413651E55528400FDAAC6 /* MJRefreshAutoStateFooter.m in Sources */,
				6407BFB21E5435700073C297 /* AFNetworkManager.m in Sources */,
				6407BF6A1E542DD00073C297 /* SDWebImageDownloaderOperation.m in Sources */,
				DCCC0B7E20440F0E00B89CFC /* STKeyChain.m in Sources */,
				64EFE3B91E4D6B09006A1455 /* BaseNavViewController.swift in Sources */,
				794038B21FFB34E80036A8BB /* AdOnlineTool.swift in Sources */,
				DC3D8DCF20438E3A001E7FE0 /* LoginViewController.swift in Sources */,
				6407BF661E542DD00073C297 /* SDImageCache.m in Sources */,
				6407BF651E542DD00073C297 /* NSData+ImageContentType.m in Sources */,
				64F413601E55528400FDAAC6 /* MJRefreshComponent.m in Sources */,
				6407BFA51E542DDF0073C297 /* AFURLSessionManager.m in Sources */,
				6407BF641E542DD00073C297 /* README.md in Sources */,
				79797BE52016B7B0003D9572 /* custonAnnotation.swift in Sources */,
				6407BFA91E542DDF0073C297 /* UIActivityIndicatorView+AFNetworking.m in Sources */,
				79797BE32016B7B0003D9572 /* HAFieldClockController.swift in Sources */,
				6407BF681E542DD00073C297 /* SDWebImageDecoder.m in Sources */,
				DCCC0B842044FAD800B89CFC /* LMJDropdownMenu.m in Sources */,
				64EFE3841E4D5EC8006A1455 /* ViewController.swift in Sources */,
				64EFE3CD1E4DC65F006A1455 /* DisplayUtils.swift in Sources */,
				64F413671E55528400FDAAC6 /* MJRefreshBackNormalFooter.m in Sources */,
				6407BF691E542DD00073C297 /* SDWebImageDownloader.m in Sources */,
				6407BF671E542DD00073C297 /* SDWebImageCompat.m in Sources */,
				64F4136F1E55528400FDAAC6 /* UIScrollView+MJExtension.m in Sources */,
				6407BFAE1E542DDF0073C297 /* UIRefreshControl+AFNetworking.m in Sources */,
				DCAD2847202161E2009AA8E0 /* STScanView.swift in Sources */,
				79797C402022F559003D9572 /* MBProgressHUD+Add.m in Sources */,
				64F413711E55528400FDAAC6 /* UIView+MJExtension.m in Sources */,
				64F4135F1E55528400FDAAC6 /* MJRefreshBackFooter.m in Sources */,
				6407BFB61E5447D40073C297 /* LaunchIntroductionView.m in Sources */,
				6407BF711E542DD00073C297 /* UIImageView+WebCache.m in Sources */,
				6407BFAC1E542DDF0073C297 /* UIImageView+AFNetworking.m in Sources */,
				64EFE3821E4D5EC8006A1455 /* AppDelegate.swift in Sources */,
				6407BF721E542DD00073C297 /* UIView+WebCacheOperation.m in Sources */,
				6407BF6E1E542DD00073C297 /* UIImage+GIF.m in Sources */,
				6407BFAD1E542DDF0073C297 /* UIProgressView+AFNetworking.m in Sources */,
				DC0B061A1FFDD8F8004A3A49 /* SettingViewController.swift in Sources */,
				6407BFA41E542DDF0073C297 /* AFURLResponseSerialization.m in Sources */,
				6407BF6F1E542DD00073C297 /* UIImage+MultiFormat.m in Sources */,
				6407BFAA1E542DDF0073C297 /* UIAlertView+AFNetworking.m in Sources */,
				64EFE3C91E4DB8CD006A1455 /* MyConfig.swift in Sources */,
				6407BF9D1E542DDF0073C297 /* AFHTTPRequestOperation.m in Sources */,
				6407BFA21E542DDF0073C297 /* AFURLConnectionOperation.m in Sources */,
				6407BF9E1E542DDF0073C297 /* AFHTTPRequestOperationManager.m in Sources */,
				6407BF701E542DD00073C297 /* UIImageView+HighlightedWebCache.m in Sources */,
				6407BF6C1E542DD00073C297 /* SDWebImagePrefetcher.m in Sources */,
				64F196BE1E515B67005B80F8 /* CustemNavItem.swift in Sources */,
				64F3A4CA1E5D2D290083E73D /* SwiftPopMenu.swift in Sources */,
				6407BFA71E542DDF0073C297 /* README.md in Sources */,
				64F413641E55528400FDAAC6 /* MJRefreshAutoNormalFooter.m in Sources */,
				64F413611E55528400FDAAC6 /* MJRefreshFooter.m in Sources */,
				64EFE3B51E4D5FA3006A1455 /* BaseViewController.swift in Sources */,
				C7B089CB1E5C502A00BE0D43 /* PDKeyChain.m in Sources */,
				64F4136D1E55528400FDAAC6 /* MJRefreshConst.m in Sources */,
				6407BF6B1E542DD00073C297 /* SDWebImageManager.m in Sources */,
				6407BFA31E542DDF0073C297 /* AFURLRequestSerialization.m in Sources */,
				64F413691E55528400FDAAC6 /* MJRefreshGifHeader.m in Sources */,
				6407BFA11E542DDF0073C297 /* AFSecurityPolicy.m in Sources */,
				6407BFAB1E542DDF0073C297 /* UIButton+AFNetworking.m in Sources */,
				64F413621E55528400FDAAC6 /* MJRefreshHeader.m in Sources */,
				6407BF9F1E542DDF0073C297 /* AFHTTPSessionManager.m in Sources */,
				DC0B06181FFDD8F8004A3A49 /* AdViewController.swift in Sources */,
				64F413631E55528400FDAAC6 /* MJRefreshAutoGifFooter.m in Sources */,
				64F4135E1E55528400FDAAC6 /* MJRefreshAutoFooter.m in Sources */,
			);
			runOnlyForDeploymentPostprocessing = 0;
		};
		64EFE38E1E4D5EC8006A1455 /* Sources */ = {
			isa = PBXSourcesBuildPhase;
			buildActionMask = 2147483647;
			files = (
				64EFE3971E4D5EC8006A1455 /* summerTests.swift in Sources */,
			);
			runOnlyForDeploymentPostprocessing = 0;
		};
		64EFE3991E4D5EC8006A1455 /* Sources */ = {
			isa = PBXSourcesBuildPhase;
			buildActionMask = 2147483647;
			files = (
				64EFE3A21E4D5EC8006A1455 /* summerUITests.swift in Sources */,
			);
			runOnlyForDeploymentPostprocessing = 0;
		};
/* End PBXSourcesBuildPhase section */

/* Begin PBXTargetDependency section */
		64EFE3941E4D5EC8006A1455 /* PBXTargetDependency */ = {
			isa = PBXTargetDependency;
			target = 64EFE37D1E4D5EC8006A1455 /* summer */;
			targetProxy = 64EFE3931E4D5EC8006A1455 /* PBXContainerItemProxy */;
		};
		64EFE39F1E4D5EC8006A1455 /* PBXTargetDependency */ = {
			isa = PBXTargetDependency;
			target = 64EFE37D1E4D5EC8006A1455 /* summer */;
			targetProxy = 64EFE39E1E4D5EC8006A1455 /* PBXContainerItemProxy */;
		};
/* End PBXTargetDependency section */

/* Begin PBXVariantGroup section */
		64EFE3851E4D5EC8006A1455 /* Main.storyboard */ = {
			isa = PBXVariantGroup;
			children = (
				64EFE3861E4D5EC8006A1455 /* Base */,
			);
			name = Main.storyboard;
			sourceTree = "<group>";
		};
		64EFE38A1E4D5EC8006A1455 /* LaunchScreen.storyboard */ = {
			isa = PBXVariantGroup;
			children = (
				64EFE38B1E4D5EC8006A1455 /* Base */,
			);
			name = LaunchScreen.storyboard;
			sourceTree = "<group>";
		};
/* End PBXVariantGroup section */

/* Begin XCBuildConfiguration section */
		64EFE3A41E4D5EC8006A1455 /* Debug */ = {
			isa = XCBuildConfiguration;
			buildSettings = {
				ALWAYS_SEARCH_USER_PATHS = NO;
				CLANG_ANALYZER_NONNULL = YES;
				CLANG_CXX_LANGUAGE_STANDARD = "gnu++0x";
				CLANG_CXX_LIBRARY = "libc++";
				CLANG_ENABLE_MODULES = YES;
				CLANG_ENABLE_OBJC_ARC = YES;
				CLANG_WARN_BOOL_CONVERSION = YES;
				CLANG_WARN_CONSTANT_CONVERSION = YES;
				CLANG_WARN_DIRECT_OBJC_ISA_USAGE = YES_ERROR;
				CLANG_WARN_DOCUMENTATION_COMMENTS = YES;
				CLANG_WARN_EMPTY_BODY = YES;
				CLANG_WARN_ENUM_CONVERSION = YES;
				CLANG_WARN_INFINITE_RECURSION = YES;
				CLANG_WARN_INT_CONVERSION = YES;
				CLANG_WARN_OBJC_ROOT_CLASS = YES_ERROR;
				CLANG_WARN_SUSPICIOUS_MOVES = YES;
				CLANG_WARN_UNREACHABLE_CODE = YES;
				CLANG_WARN__DUPLICATE_METHOD_MATCH = YES;
				"CODE_SIGN_IDENTITY[sdk=iphoneos*]" = "iPhone Developer";
				COPY_PHASE_STRIP = NO;
				DEBUG_INFORMATION_FORMAT = dwarf;
				ENABLE_STRICT_OBJC_MSGSEND = YES;
				ENABLE_TESTABILITY = YES;
				GCC_C_LANGUAGE_STANDARD = gnu99;
				GCC_DYNAMIC_NO_PIC = NO;
				GCC_NO_COMMON_BLOCKS = YES;
				GCC_OPTIMIZATION_LEVEL = 0;
				GCC_PREPROCESSOR_DEFINITIONS = (
					"DEBUG=1",
					"$(inherited)",
				);
				GCC_WARN_64_TO_32_BIT_CONVERSION = YES;
				GCC_WARN_ABOUT_RETURN_TYPE = YES_ERROR;
				GCC_WARN_UNDECLARED_SELECTOR = YES;
				GCC_WARN_UNINITIALIZED_AUTOS = YES_AGGRESSIVE;
				GCC_WARN_UNUSED_FUNCTION = YES;
				GCC_WARN_UNUSED_VARIABLE = YES;
				IPHONEOS_DEPLOYMENT_TARGET = 10.0;
				MTL_ENABLE_DEBUG_INFO = YES;
				ONLY_ACTIVE_ARCH = YES;
				SDKROOT = iphoneos;
				SWIFT_ACTIVE_COMPILATION_CONDITIONS = DEBUG;
				SWIFT_OPTIMIZATION_LEVEL = "-Onone";
			};
			name = Debug;
		};
		64EFE3A51E4D5EC8006A1455 /* Release */ = {
			isa = XCBuildConfiguration;
			buildSettings = {
				ALWAYS_SEARCH_USER_PATHS = NO;
				CLANG_ANALYZER_NONNULL = YES;
				CLANG_CXX_LANGUAGE_STANDARD = "gnu++0x";
				CLANG_CXX_LIBRARY = "libc++";
				CLANG_ENABLE_MODULES = YES;
				CLANG_ENABLE_OBJC_ARC = YES;
				CLANG_WARN_BOOL_CONVERSION = YES;
				CLANG_WARN_CONSTANT_CONVERSION = YES;
				CLANG_WARN_DIRECT_OBJC_ISA_USAGE = YES_ERROR;
				CLANG_WARN_DOCUMENTATION_COMMENTS = YES;
				CLANG_WARN_EMPTY_BODY = YES;
				CLANG_WARN_ENUM_CONVERSION = YES;
				CLANG_WARN_INFINITE_RECURSION = YES;
				CLANG_WARN_INT_CONVERSION = YES;
				CLANG_WARN_OBJC_ROOT_CLASS = YES_ERROR;
				CLANG_WARN_SUSPICIOUS_MOVES = YES;
				CLANG_WARN_UNREACHABLE_CODE = YES;
				CLANG_WARN__DUPLICATE_METHOD_MATCH = YES;
				"CODE_SIGN_IDENTITY[sdk=iphoneos*]" = "iPhone Developer";
				COPY_PHASE_STRIP = NO;
				DEBUG_INFORMATION_FORMAT = "dwarf-with-dsym";
				ENABLE_NS_ASSERTIONS = NO;
				ENABLE_STRICT_OBJC_MSGSEND = YES;
				GCC_C_LANGUAGE_STANDARD = gnu99;
				GCC_NO_COMMON_BLOCKS = YES;
				GCC_WARN_64_TO_32_BIT_CONVERSION = YES;
				GCC_WARN_ABOUT_RETURN_TYPE = YES_ERROR;
				GCC_WARN_UNDECLARED_SELECTOR = YES;
				GCC_WARN_UNINITIALIZED_AUTOS = YES_AGGRESSIVE;
				GCC_WARN_UNUSED_FUNCTION = YES;
				GCC_WARN_UNUSED_VARIABLE = YES;
				IPHONEOS_DEPLOYMENT_TARGET = 10.0;
				MTL_ENABLE_DEBUG_INFO = NO;
				SDKROOT = iphoneos;
				SWIFT_OPTIMIZATION_LEVEL = "-Owholemodule";
				VALIDATE_PRODUCT = YES;
			};
			name = Release;
		};
		64EFE3A71E4D5EC8006A1455 /* Debug */ = {
			isa = XCBuildConfiguration;
			buildSettings = {
				ASSETCATALOG_COMPILER_APPICON_NAME = AppIcon;
				CLANG_ENABLE_MODULES = YES;
				CODE_SIGN_ENTITLEMENTS = summer/summer.entitlements;
				DEFINES_MODULE = YES;
				DEVELOPMENT_TEAM = 35SG99VZ4S;
				ENABLE_BITCODE = NO;
				FRAMEWORK_SEARCH_PATHS = (
					"$(inherited)",
					"$(PROJECT_DIR)/summer/Library-oc/ScanCard/RecognizeCardManager",
					"$(PROJECT_DIR)/summer/Library/AliPay",
					"$(PROJECT_DIR)/summer/Library-oc",
				);
				INFOPLIST_FILE = summer/Info.plist;
				IPHONEOS_DEPLOYMENT_TARGET = 11.2;
				LD_RUNPATH_SEARCH_PATHS = "$(inherited) @executable_path/Frameworks";
				LIBRARY_SEARCH_PATHS = (
					"$(inherited)",
					"$(PROJECT_DIR)/summer/Library/WXPay",
					"$(PROJECT_DIR)/summer/Library-oc/ScanCard/RecognizeCardManager/TesseractOCR/lib",
					"$(PROJECT_DIR)/summer/Library/Lib",
				);
				OTHER_LDFLAGS = (
					"-force_load",
					"$(PROJECT_DIR)/summer/Library/WXPay/libWeChatSDK.a",
				);
				PRODUCT_BUNDLE_IDENTIFIER = com.mimrc.vine;
				PRODUCT_NAME = "$(TARGET_NAME)";
				SWIFT_OBJC_BRIDGING_HEADER = "summer/summer-Bridging-Header.h";
				SWIFT_OPTIMIZATION_LEVEL = "-Onone";
				SWIFT_VERSION = 3.0;
				TARGETED_DEVICE_FAMILY = 1;
			};
			name = Debug;
		};
		64EFE3A81E4D5EC8006A1455 /* Release */ = {
			isa = XCBuildConfiguration;
			buildSettings = {
				ASSETCATALOG_COMPILER_APPICON_NAME = AppIcon;
				CLANG_ENABLE_MODULES = YES;
				CODE_SIGN_ENTITLEMENTS = summer/summer.entitlements;
				DEFINES_MODULE = YES;
				DEVELOPMENT_TEAM = 35SG99VZ4S;
				ENABLE_BITCODE = NO;
				FRAMEWORK_SEARCH_PATHS = (
					"$(inherited)",
					"$(PROJECT_DIR)/summer/Library-oc/ScanCard/RecognizeCardManager",
					"$(PROJECT_DIR)/summer/Library/AliPay",
					"$(PROJECT_DIR)/summer/Library-oc",
				);
				INFOPLIST_FILE = summer/Info.plist;
				IPHONEOS_DEPLOYMENT_TARGET = 11.2;
				LD_RUNPATH_SEARCH_PATHS = "$(inherited) @executable_path/Frameworks";
				LIBRARY_SEARCH_PATHS = (
					"$(inherited)",
					"$(PROJECT_DIR)/summer/Library/WXPay",
					"$(PROJECT_DIR)/summer/Library-oc/ScanCard/RecognizeCardManager/TesseractOCR/lib",
					"$(PROJECT_DIR)/summer/Library/Lib",
				);
				OTHER_LDFLAGS = (
					"-force_load",
					"$(PROJECT_DIR)/summer/Library/WXPay/libWeChatSDK.a",
				);
				PRODUCT_BUNDLE_IDENTIFIER = com.mimrc.vine;
				PRODUCT_NAME = "$(TARGET_NAME)";
				SWIFT_OBJC_BRIDGING_HEADER = "summer/summer-Bridging-Header.h";
				SWIFT_VERSION = 3.0;
				TARGETED_DEVICE_FAMILY = 1;
			};
			name = Release;
		};
		64EFE3AA1E4D5EC8006A1455 /* Debug */ = {
			isa = XCBuildConfiguration;
			buildSettings = {
				ALWAYS_EMBED_SWIFT_STANDARD_LIBRARIES = YES;
				BUNDLE_LOADER = "$(TEST_HOST)";
				INFOPLIST_FILE = summerTests/Info.plist;
				LD_RUNPATH_SEARCH_PATHS = "$(inherited) @executable_path/Frameworks @loader_path/Frameworks";
				PRODUCT_BUNDLE_IDENTIFIER = com.FL.summerTests;
				PRODUCT_NAME = "$(TARGET_NAME)";
				SWIFT_VERSION = 3.0;
				TEST_HOST = "$(BUILT_PRODUCTS_DIR)/summer.app/summer";
			};
			name = Debug;
		};
		64EFE3AB1E4D5EC8006A1455 /* Release */ = {
			isa = XCBuildConfiguration;
			buildSettings = {
				ALWAYS_EMBED_SWIFT_STANDARD_LIBRARIES = YES;
				BUNDLE_LOADER = "$(TEST_HOST)";
				INFOPLIST_FILE = summerTests/Info.plist;
				LD_RUNPATH_SEARCH_PATHS = "$(inherited) @executable_path/Frameworks @loader_path/Frameworks";
				PRODUCT_BUNDLE_IDENTIFIER = com.FL.summerTests;
				PRODUCT_NAME = "$(TARGET_NAME)";
				SWIFT_VERSION = 3.0;
				TEST_HOST = "$(BUILT_PRODUCTS_DIR)/summer.app/summer";
			};
			name = Release;
		};
		64EFE3AD1E4D5EC8006A1455 /* Debug */ = {
			isa = XCBuildConfiguration;
			buildSettings = {
				ALWAYS_EMBED_SWIFT_STANDARD_LIBRARIES = YES;
				INFOPLIST_FILE = summerUITests/Info.plist;
				LD_RUNPATH_SEARCH_PATHS = "$(inherited) @executable_path/Frameworks @loader_path/Frameworks";
				PRODUCT_BUNDLE_IDENTIFIER = com.FL.summerUITests;
				PRODUCT_NAME = "$(TARGET_NAME)";
				SWIFT_VERSION = 3.0;
				TEST_TARGET_NAME = summer;
			};
			name = Debug;
		};
		64EFE3AE1E4D5EC8006A1455 /* Release */ = {
			isa = XCBuildConfiguration;
			buildSettings = {
				ALWAYS_EMBED_SWIFT_STANDARD_LIBRARIES = YES;
				INFOPLIST_FILE = summerUITests/Info.plist;
				LD_RUNPATH_SEARCH_PATHS = "$(inherited) @executable_path/Frameworks @loader_path/Frameworks";
				PRODUCT_BUNDLE_IDENTIFIER = com.FL.summerUITests;
				PRODUCT_NAME = "$(TARGET_NAME)";
				SWIFT_VERSION = 3.0;
				TEST_TARGET_NAME = summer;
			};
			name = Release;
		};
/* End XCBuildConfiguration section */

/* Begin XCConfigurationList section */
		64EFE3791E4D5EC8006A1455 /* Build configuration list for PBXProject "summer" */ = {
			isa = XCConfigurationList;
			buildConfigurations = (
				64EFE3A41E4D5EC8006A1455 /* Debug */,
				64EFE3A51E4D5EC8006A1455 /* Release */,
			);
			defaultConfigurationIsVisible = 0;
			defaultConfigurationName = Release;
		};
		64EFE3A61E4D5EC8006A1455 /* Build configuration list for PBXNativeTarget "summer" */ = {
			isa = XCConfigurationList;
			buildConfigurations = (
				64EFE3A71E4D5EC8006A1455 /* Debug */,
				64EFE3A81E4D5EC8006A1455 /* Release */,
			);
			defaultConfigurationIsVisible = 0;
			defaultConfigurationName = Release;
		};
		64EFE3A91E4D5EC8006A1455 /* Build configuration list for PBXNativeTarget "summerTests" */ = {
			isa = XCConfigurationList;
			buildConfigurations = (
				64EFE3AA1E4D5EC8006A1455 /* Debug */,
				64EFE3AB1E4D5EC8006A1455 /* Release */,
			);
			defaultConfigurationIsVisible = 0;
			defaultConfigurationName = Release;
		};
		64EFE3AC1E4D5EC8006A1455 /* Build configuration list for PBXNativeTarget "summerUITests" */ = {
			isa = XCConfigurationList;
			buildConfigurations = (
				64EFE3AD1E4D5EC8006A1455 /* Debug */,
				64EFE3AE1E4D5EC8006A1455 /* Release */,
			);
			defaultConfigurationIsVisible = 0;
			defaultConfigurationName = Release;
		};
/* End XCConfigurationList section */
	};
	rootObject = 64EFE3761E4D5EC8006A1455 /* Project object */;
}
